// !$*UTF8*$!
{
	archiveVersion = 1;
	classes = {
	};
	objectVersion = 46;
	objects = {

/* Begin PBXBuildFile section */
		075D96E21B29DF800030F520 /* SystemConfiguration.framework in Frameworks */ = {isa = PBXBuildFile; fileRef = 075D96E11B29DF800030F520 /* SystemConfiguration.framework */; };
		075D96E41B29DF880030F520 /* QuartzCore.framework in Frameworks */ = {isa = PBXBuildFile; fileRef = 075D96E31B29DF880030F520 /* QuartzCore.framework */; };
		075D96E61B29DF8D0030F520 /* OpenGLES.framework in Frameworks */ = {isa = PBXBuildFile; fileRef = 075D96E51B29DF8D0030F520 /* OpenGLES.framework */; };
		075D96E81B29DF920030F520 /* libz.dylib in Frameworks */ = {isa = PBXBuildFile; fileRef = 075D96E71B29DF920030F520 /* libz.dylib */; };
		075D96EA1B29DF990030F520 /* libicucore.dylib in Frameworks */ = {isa = PBXBuildFile; fileRef = 075D96E91B29DF990030F520 /* libicucore.dylib */; };
		075D96EC1B29DFA00030F520 /* libc++.dylib in Frameworks */ = {isa = PBXBuildFile; fileRef = 075D96EB1B29DFA00030F520 /* libc++.dylib */; };
		075D96EE1B29DFA70030F520 /* ImageIO.framework in Frameworks */ = {isa = PBXBuildFile; fileRef = 075D96ED1B29DFA70030F520 /* ImageIO.framework */; };
		075D96F01B29DFAB0030F520 /* GLKit.framework in Frameworks */ = {isa = PBXBuildFile; fileRef = 075D96EF1B29DFAB0030F520 /* GLKit.framework */; };
		075D96F21B29DFB10030F520 /* CoreText.framework in Frameworks */ = {isa = PBXBuildFile; fileRef = 075D96F11B29DFB10030F520 /* CoreText.framework */; };
		075D96F41B29DFBF0030F520 /* CoreData.framework in Frameworks */ = {isa = PBXBuildFile; fileRef = 075D96F31B29DFBF0030F520 /* CoreData.framework */; };
		075D96F61B29DFC50030F520 /* AVFoundation.framework in Frameworks */ = {isa = PBXBuildFile; fileRef = 075D96F51B29DFC50030F520 /* AVFoundation.framework */; };
		07C6E2051B29E92400617521 /* AMTumblrHud.m in Sources */ = {isa = PBXBuildFile; fileRef = 07C6E1F91B29E92400617521 /* AMTumblrHud.m */; };
		07C6E2061B29E92400617521 /* FTLocationManager.m in Sources */ = {isa = PBXBuildFile; fileRef = 07C6E1FC1B29E92400617521 /* FTLocationManager.m */; };
		07C6E2071B29E92400617521 /* MDDirectionService.m in Sources */ = {isa = PBXBuildFile; fileRef = 07C6E1FF1B29E92400617521 /* MDDirectionService.m */; };
		07C6E2081B29E92400617521 /* SMCalloutView.m in Sources */ = {isa = PBXBuildFile; fileRef = 07C6E2021B29E92400617521 /* SMCalloutView.m */; };
		07C6E2091B29E92400617521 /* SMClassicCalloutView.m in Sources */ = {isa = PBXBuildFile; fileRef = 07C6E2041B29E92400617521 /* SMClassicCalloutView.m */; };
		07C6E2141B29EA3F00617521 /* application_icon.png in Resources */ = {isa = PBXBuildFile; fileRef = 07C6E20C1B29EA3F00617521 /* application_icon.png */; };
		07C6E2151B29EA3F00617521 /* atm_pin.png in Resources */ = {isa = PBXBuildFile; fileRef = 07C6E20E1B29EA3F00617521 /* atm_pin.png */; };
		07C6E2161B29EA3F00617521 /* atm_pin@2x.png in Resources */ = {isa = PBXBuildFile; fileRef = 07C6E20F1B29EA3F00617521 /* atm_pin@2x.png */; };
		07C6E2171B29EA3F00617521 /* current_pin.png in Resources */ = {isa = PBXBuildFile; fileRef = 07C6E2101B29EA3F00617521 /* current_pin.png */; };
		07C6E2181B29EA3F00617521 /* current_pin@2x.png in Resources */ = {isa = PBXBuildFile; fileRef = 07C6E2111B29EA3F00617521 /* current_pin@2x.png */; };
		07C6E2191B29EA3F00617521 /* pin_list.png in Resources */ = {isa = PBXBuildFile; fileRef = 07C6E2131B29EA3F00617521 /* pin_list.png */; };
		07C6E21C1B29EEE600617521 /* GoogleMaps.bundle in Resources */ = {isa = PBXBuildFile; fileRef = 07C6E21A1B29EEE600617521 /* GoogleMaps.bundle */; };
		07C6E21D1B29EEE600617521 /* GoogleMaps.framework in Frameworks */ = {isa = PBXBuildFile; fileRef = 07C6E21B1B29EEE600617521 /* GoogleMaps.framework */; };
		D212576C1B14DB020088991F /* bar_button_pass@2x.png in Resources */ = {isa = PBXBuildFile; fileRef = D21257641B14DB020088991F /* bar_button_pass@2x.png */; };
		D212576D1B14DB020088991F /* bar_button_pass@2x~ipad.png in Resources */ = {isa = PBXBuildFile; fileRef = D21257651B14DB020088991F /* bar_button_pass@2x~ipad.png */; };
		D212576E1B14DB020088991F /* bar_button_pass@3x.png in Resources */ = {isa = PBXBuildFile; fileRef = D21257661B14DB020088991F /* bar_button_pass@3x.png */; };
		D212576F1B14DB020088991F /* bar_button_pass~ipad.png in Resources */ = {isa = PBXBuildFile; fileRef = D21257671B14DB020088991F /* bar_button_pass~ipad.png */; };
		D21257701B14DB020088991F /* bar_button_select_pass@2x.png in Resources */ = {isa = PBXBuildFile; fileRef = D21257681B14DB020088991F /* bar_button_select_pass@2x.png */; };
		D21257711B14DB020088991F /* bar_button_select_pass@2x~ipad.png in Resources */ = {isa = PBXBuildFile; fileRef = D21257691B14DB020088991F /* bar_button_select_pass@2x~ipad.png */; };
		D21257721B14DB020088991F /* bar_button_select_pass@3x.png in Resources */ = {isa = PBXBuildFile; fileRef = D212576A1B14DB020088991F /* bar_button_select_pass@3x.png */; };
		D21257731B14DB020088991F /* bar_button_select_pass~ipad.png in Resources */ = {isa = PBXBuildFile; fileRef = D212576B1B14DB020088991F /* bar_button_select_pass~ipad.png */; };
		D214871B1B2A09D100CA7085 /* FindViewController.m in Sources */ = {isa = PBXBuildFile; fileRef = D214871A1B2A09D100CA7085 /* FindViewController.m */; };
		D27AD7791B283BA20024A344 /* RequestViewController.m in Sources */ = {isa = PBXBuildFile; fileRef = D27AD7781B283BA20024A344 /* RequestViewController.m */; };
		D27AD77C1B283BE70024A344 /* TableRequestSource.m in Sources */ = {isa = PBXBuildFile; fileRef = D27AD77B1B283BE70024A344 /* TableRequestSource.m */; };
		D27AD77F1B284EFF0024A344 /* TableRequestCell.m in Sources */ = {isa = PBXBuildFile; fileRef = D27AD77E1B284EFF0024A344 /* TableRequestCell.m */; };
		D284C48E1B2896DA006CC32E /* CoreLocation.framework in Frameworks */ = {isa = PBXBuildFile; fileRef = D284C48D1B2896DA006CC32E /* CoreLocation.framework */; };
		D2BE080A1B14590700438437 /* Images.xcassets in Resources */ = {isa = PBXBuildFile; fileRef = D2BE08091B14590700438437 /* Images.xcassets */; };
		D2BE080D1B14590700438437 /* LaunchScreen.xib in Resources */ = {isa = PBXBuildFile; fileRef = D2BE080B1B14590700438437 /* LaunchScreen.xib */; };
		D2BE08191B14590800438437 /* DriverTests.m in Sources */ = {isa = PBXBuildFile; fileRef = D2BE08181B14590800438437 /* DriverTests.m */; };
		D2BE08251B14594600438437 /* AppDelegate.m in Sources */ = {isa = PBXBuildFile; fileRef = D2BE08241B14594600438437 /* AppDelegate.m */; };
		D2BE084F1B1459F300438437 /* HelperView.m in Sources */ = {isa = PBXBuildFile; fileRef = D2BE084B1B1459F300438437 /* HelperView.m */; };
		D2BE08511B1459F300438437 /* main.m in Sources */ = {isa = PBXBuildFile; fileRef = D2BE084D1B1459F300438437 /* main.m */; };
		D2BE08651B145A6B00438437 /* DatabaseHandler.m in Sources */ = {isa = PBXBuildFile; fileRef = D2BE08541B145A6B00438437 /* DatabaseHandler.m */; };
		D2BE08661B145A6B00438437 /* Book.m in Sources */ = {isa = PBXBuildFile; fileRef = D2BE08571B145A6B00438437 /* Book.m */; };
		D2BE08671B145A6B00438437 /* Car.m in Sources */ = {isa = PBXBuildFile; fileRef = D2BE08591B145A6B00438437 /* Car.m */; };
		D2BE08681B145A6B00438437 /* Company.m in Sources */ = {isa = PBXBuildFile; fileRef = D2BE085B1B145A6B00438437 /* Company.m */; };
		D2BE08691B145A6B00438437 /* Driver.m in Sources */ = {isa = PBXBuildFile; fileRef = D2BE085D1B145A6B00438437 /* Driver.m */; };
		D2BE086A1B145A6B00438437 /* Tour.m in Sources */ = {isa = PBXBuildFile; fileRef = D2BE085F1B145A6B00438437 /* Tour.m */; };
		D2BE086B1B145A6B00438437 /* User.m in Sources */ = {isa = PBXBuildFile; fileRef = D2BE08611B145A6B00438437 /* User.m */; };
		D2BE086C1B145A6B00438437 /* Network.m in Sources */ = {isa = PBXBuildFile; fileRef = D2BE08641B145A6B00438437 /* Network.m */; };
		D2BE08701B145AA400438437 /* TabbarViewController.m in Sources */ = {isa = PBXBuildFile; fileRef = D2BE086F1B145AA400438437 /* TabbarViewController.m */; };
		D2BE08DD1B145C6C00438437 /* AccountViewController.m in Sources */ = {isa = PBXBuildFile; fileRef = D2BE08B21B145C6C00438437 /* AccountViewController.m */; };
		D2BE08DE1B145C6C00438437 /* TextFieldAccount.m in Sources */ = {isa = PBXBuildFile; fileRef = D2BE08B41B145C6C00438437 /* TextFieldAccount.m */; };
		D2BE08DF1B145C6C00438437 /* BarButtonBack.m in Sources */ = {isa = PBXBuildFile; fileRef = D2BE08B71B145C6C00438437 /* BarButtonBack.m */; };
		D2BE08E01B145C6C00438437 /* BarButtonMenu.m in Sources */ = {isa = PBXBuildFile; fileRef = D2BE08B91B145C6C00438437 /* BarButtonMenu.m */; };
		D2BE08E11B145C6C00438437 /* ButtonApp.m in Sources */ = {isa = PBXBuildFile; fileRef = D2BE08BB1B145C6C00438437 /* ButtonApp.m */; };
		D2BE08E21B145C6C00438437 /* CustomAlertView.m in Sources */ = {isa = PBXBuildFile; fileRef = D2BE08BD1B145C6C00438437 /* CustomAlertView.m */; };
		D2BE08E31B145C6C00438437 /* PickDateViewController.m in Sources */ = {isa = PBXBuildFile; fileRef = D2BE08BF1B145C6C00438437 /* PickDateViewController.m */; };
		D2BE08E41B145C6C00438437 /* PickViewController.m in Sources */ = {isa = PBXBuildFile; fileRef = D2BE08C11B145C6C00438437 /* PickViewController.m */; };
		D2BE08E51B145C6C00438437 /* MenuViewController.m in Sources */ = {isa = PBXBuildFile; fileRef = D2BE08C41B145C6C00438437 /* MenuViewController.m */; };
		D2BE08E61B145C6C00438437 /* AboutUSViewController.m in Sources */ = {isa = PBXBuildFile; fileRef = D2BE08C81B145C6C00438437 /* AboutUSViewController.m */; };
		D2BE08E71B145C6C00438437 /* AppViewController.m in Sources */ = {isa = PBXBuildFile; fileRef = D2BE08CB1B145C6C00438437 /* AppViewController.m */; };
		D2BE08EC1B145C6C00438437 /* SupportViewController.m in Sources */ = {isa = PBXBuildFile; fileRef = D2BE08D81B145C6C00438437 /* SupportViewController.m */; };
		D2BE08ED1B145C6C00438437 /* TableDelegateMenu.m in Sources */ = {isa = PBXBuildFile; fileRef = D2BE08DA1B145C6C00438437 /* TableDelegateMenu.m */; };
		D2BE08EE1B145C6C00438437 /* TableSectionInfo.m in Sources */ = {isa = PBXBuildFile; fileRef = D2BE08DC1B145C6C00438437 /* TableSectionInfo.m */; };
		D2BE09571B1462BA00438437 /* bar_button_back@2x.png in Resources */ = {isa = PBXBuildFile; fileRef = D2BE090C1B1462BA00438437 /* bar_button_back@2x.png */; };
		D2BE09581B1462BA00438437 /* bar_button_back@2x~ipad.png in Resources */ = {isa = PBXBuildFile; fileRef = D2BE090D1B1462BA00438437 /* bar_button_back@2x~ipad.png */; };
		D2BE09591B1462BA00438437 /* bar_button_back@3x.png in Resources */ = {isa = PBXBuildFile; fileRef = D2BE090E1B1462BA00438437 /* bar_button_back@3x.png */; };
		D2BE095A1B1462BA00438437 /* bar_button_back~ipad.png in Resources */ = {isa = PBXBuildFile; fileRef = D2BE090F1B1462BA00438437 /* bar_button_back~ipad.png */; };
		D2BE095B1B1462BA00438437 /* bar_button_menu@2x.png in Resources */ = {isa = PBXBuildFile; fileRef = D2BE09101B1462BA00438437 /* bar_button_menu@2x.png */; };
		D2BE095C1B1462BA00438437 /* bar_button_menu@2x~ipad.png in Resources */ = {isa = PBXBuildFile; fileRef = D2BE09111B1462BA00438437 /* bar_button_menu@2x~ipad.png */; };
		D2BE095D1B1462BA00438437 /* bar_button_menu@3x.png in Resources */ = {isa = PBXBuildFile; fileRef = D2BE09121B1462BA00438437 /* bar_button_menu@3x.png */; };
		D2BE095E1B1462BA00438437 /* bar_button_menu~ipad.png in Resources */ = {isa = PBXBuildFile; fileRef = D2BE09131B1462BA00438437 /* bar_button_menu~ipad.png */; };
		D2BE095F1B1462BA00438437 /* bar_button_select_back@2x.png in Resources */ = {isa = PBXBuildFile; fileRef = D2BE09141B1462BA00438437 /* bar_button_select_back@2x.png */; };
		D2BE09601B1462BA00438437 /* bar_button_select_back@2x~ipad.png in Resources */ = {isa = PBXBuildFile; fileRef = D2BE09151B1462BA00438437 /* bar_button_select_back@2x~ipad.png */; };
		D2BE09611B1462BA00438437 /* bar_button_select_back@3x.png in Resources */ = {isa = PBXBuildFile; fileRef = D2BE09161B1462BA00438437 /* bar_button_select_back@3x.png */; };
		D2BE09621B1462BA00438437 /* bar_button_select_back~ipad.png in Resources */ = {isa = PBXBuildFile; fileRef = D2BE09171B1462BA00438437 /* bar_button_select_back~ipad.png */; };
		D2BE09631B1462BA00438437 /* bar_button_select_menu@2x.png in Resources */ = {isa = PBXBuildFile; fileRef = D2BE09181B1462BA00438437 /* bar_button_select_menu@2x.png */; };
		D2BE09641B1462BA00438437 /* bar_button_select_menu@2x~ipad.png in Resources */ = {isa = PBXBuildFile; fileRef = D2BE09191B1462BA00438437 /* bar_button_select_menu@2x~ipad.png */; };
		D2BE09651B1462BA00438437 /* bar_button_select_menu@3x.png in Resources */ = {isa = PBXBuildFile; fileRef = D2BE091A1B1462BA00438437 /* bar_button_select_menu@3x.png */; };
		D2BE09661B1462BA00438437 /* bar_button_select_menu~ipad.png in Resources */ = {isa = PBXBuildFile; fileRef = D2BE091B1B1462BA00438437 /* bar_button_select_menu~ipad.png */; };
		D2BE09671B1462BA00438437 /* img_btn_call@2x.png in Resources */ = {isa = PBXBuildFile; fileRef = D2BE091D1B1462BA00438437 /* img_btn_call@2x.png */; };
		D2BE09681B1462BA00438437 /* img_btn_call@2x~ipad.png in Resources */ = {isa = PBXBuildFile; fileRef = D2BE091E1B1462BA00438437 /* img_btn_call@2x~ipad.png */; };
		D2BE09691B1462BA00438437 /* img_btn_call@3x.png in Resources */ = {isa = PBXBuildFile; fileRef = D2BE091F1B1462BA00438437 /* img_btn_call@3x.png */; };
		D2BE096A1B1462BA00438437 /* img_btn_call~ipad.png in Resources */ = {isa = PBXBuildFile; fileRef = D2BE09201B1462BA00438437 /* img_btn_call~ipad.png */; };
		D2BE096B1B1462BA00438437 /* img_btn_select_call@2x.png in Resources */ = {isa = PBXBuildFile; fileRef = D2BE09211B1462BA00438437 /* img_btn_select_call@2x.png */; };
		D2BE096C1B1462BA00438437 /* img_btn_select_call@2x~ipad.png in Resources */ = {isa = PBXBuildFile; fileRef = D2BE09221B1462BA00438437 /* img_btn_select_call@2x~ipad.png */; };
		D2BE096D1B1462BA00438437 /* img_btn_select_call@3x.png in Resources */ = {isa = PBXBuildFile; fileRef = D2BE09231B1462BA00438437 /* img_btn_select_call@3x.png */; };
		D2BE096E1B1462BA00438437 /* img_btn_select_call~ipad.png in Resources */ = {isa = PBXBuildFile; fileRef = D2BE09241B1462BA00438437 /* img_btn_select_call~ipad.png */; };
		D2BE096F1B1462BA00438437 /* account_select@2x.png in Resources */ = {isa = PBXBuildFile; fileRef = D2BE09271B1462BA00438437 /* account_select@2x.png */; };
		D2BE09701B1462BA00438437 /* account_select@2x~ipad.png in Resources */ = {isa = PBXBuildFile; fileRef = D2BE09281B1462BA00438437 /* account_select@2x~ipad.png */; };
		D2BE09711B1462BA00438437 /* account_select@3x.png in Resources */ = {isa = PBXBuildFile; fileRef = D2BE09291B1462BA00438437 /* account_select@3x.png */; };
		D2BE09721B1462BA00438437 /* account_select~ipad.png in Resources */ = {isa = PBXBuildFile; fileRef = D2BE092A1B1462BA00438437 /* account_select~ipad.png */; };
		D2BE09731B1462BA00438437 /* account_unselect@2x.png in Resources */ = {isa = PBXBuildFile; fileRef = D2BE092B1B1462BA00438437 /* account_unselect@2x.png */; };
		D2BE09741B1462BA00438437 /* account_unselect@2x~ipad.png in Resources */ = {isa = PBXBuildFile; fileRef = D2BE092C1B1462BA00438437 /* account_unselect@2x~ipad.png */; };
		D2BE09751B1462BA00438437 /* account_unselect@3x.png in Resources */ = {isa = PBXBuildFile; fileRef = D2BE092D1B1462BA00438437 /* account_unselect@3x.png */; };
		D2BE09761B1462BA00438437 /* account_unselect~ipad.png in Resources */ = {isa = PBXBuildFile; fileRef = D2BE092E1B1462BA00438437 /* account_unselect~ipad.png */; };
		D2BE09771B1462BA00438437 /* book_select@2x.png in Resources */ = {isa = PBXBuildFile; fileRef = D2BE092F1B1462BA00438437 /* book_select@2x.png */; };
		D2BE09781B1462BA00438437 /* book_select@2x~ipad.png in Resources */ = {isa = PBXBuildFile; fileRef = D2BE09301B1462BA00438437 /* book_select@2x~ipad.png */; };
		D2BE09791B1462BA00438437 /* book_select@3x.png in Resources */ = {isa = PBXBuildFile; fileRef = D2BE09311B1462BA00438437 /* book_select@3x.png */; };
		D2BE097A1B1462BA00438437 /* book_select~ipad.png in Resources */ = {isa = PBXBuildFile; fileRef = D2BE09321B1462BA00438437 /* book_select~ipad.png */; };
		D2BE097B1B1462BA00438437 /* book_unselect@2x.png in Resources */ = {isa = PBXBuildFile; fileRef = D2BE09331B1462BA00438437 /* book_unselect@2x.png */; };
		D2BE097C1B1462BA00438437 /* book_unselect@2x~ipad.png in Resources */ = {isa = PBXBuildFile; fileRef = D2BE09341B1462BA00438437 /* book_unselect@2x~ipad.png */; };
		D2BE097D1B1462BA00438437 /* book_unselect@3x.png in Resources */ = {isa = PBXBuildFile; fileRef = D2BE09351B1462BA00438437 /* book_unselect@3x.png */; };
		D2BE097E1B1462BA00438437 /* book_unselect~ipad.png in Resources */ = {isa = PBXBuildFile; fileRef = D2BE09361B1462BA00438437 /* book_unselect~ipad.png */; };
		D2BE097F1B1462BA00438437 /* feedback_select@2x.png in Resources */ = {isa = PBXBuildFile; fileRef = D2BE09371B1462BA00438437 /* feedback_select@2x.png */; };
		D2BE09801B1462BA00438437 /* feedback_select@2x~ipad.png in Resources */ = {isa = PBXBuildFile; fileRef = D2BE09381B1462BA00438437 /* feedback_select@2x~ipad.png */; };
		D2BE09811B1462BA00438437 /* feedback_select@3x.png in Resources */ = {isa = PBXBuildFile; fileRef = D2BE09391B1462BA00438437 /* feedback_select@3x.png */; };
		D2BE09821B1462BA00438437 /* feedback_select~ipad.png in Resources */ = {isa = PBXBuildFile; fileRef = D2BE093A1B1462BA00438437 /* feedback_select~ipad.png */; };
		D2BE09831B1462BA00438437 /* feedback_unselect@2x.png in Resources */ = {isa = PBXBuildFile; fileRef = D2BE093B1B1462BA00438437 /* feedback_unselect@2x.png */; };
		D2BE09841B1462BA00438437 /* feedback_unselect@2x~ipad.png in Resources */ = {isa = PBXBuildFile; fileRef = D2BE093C1B1462BA00438437 /* feedback_unselect@2x~ipad.png */; };
		D2BE09851B1462BA00438437 /* feedback_unselect@3x.png in Resources */ = {isa = PBXBuildFile; fileRef = D2BE093D1B1462BA00438437 /* feedback_unselect@3x.png */; };
		D2BE09861B1462BA00438437 /* feedback_unselect~ipad.png in Resources */ = {isa = PBXBuildFile; fileRef = D2BE093E1B1462BA00438437 /* feedback_unselect~ipad.png */; };
		D2BE098A1B14689600438437 /* FeedbackViewController.m in Sources */ = {isa = PBXBuildFile; fileRef = D2BE09891B14689600438437 /* FeedbackViewController.m */; };
		D2BE098C1B1468A600438437 /* MessageUI.framework in Frameworks */ = {isa = PBXBuildFile; fileRef = D2BE098B1B1468A600438437 /* MessageUI.framework */; };
		D2BE09931B14A7F800438437 /* Main.storyboard in Resources */ = {isa = PBXBuildFile; fileRef = D2BE09911B14A7F800438437 /* Main.storyboard */; };
		D2EB1CD71B27FA3100C400C4 /* LoginViewController.m in Sources */ = {isa = PBXBuildFile; fileRef = D2EB1CD61B27FA3100C400C4 /* LoginViewController.m */; };
		D2EB1CE01B27FA9F00C400C4 /* SlashScreenViewController.m in Sources */ = {isa = PBXBuildFile; fileRef = D2EB1CDF1B27FA9F00C400C4 /* SlashScreenViewController.m */; };
		D2EB1CE31B2802B200C400C4 /* BarButtonStatus.m in Sources */ = {isa = PBXBuildFile; fileRef = D2EB1CE21B2802B200C400C4 /* BarButtonStatus.m */; };
		D2EB1CEC1B2824C700C400C4 /* bar_button_status_idle@2x.png in Resources */ = {isa = PBXBuildFile; fileRef = D2EB1CE41B2824C700C400C4 /* bar_button_status_idle@2x.png */; };
		D2EB1CED1B2824C700C400C4 /* bar_button_status_idle@2x~ipad.png in Resources */ = {isa = PBXBuildFile; fileRef = D2EB1CE51B2824C700C400C4 /* bar_button_status_idle@2x~ipad.png */; };
		D2EB1CEE1B2824C700C400C4 /* bar_button_status_idle@3x.png in Resources */ = {isa = PBXBuildFile; fileRef = D2EB1CE61B2824C700C400C4 /* bar_button_status_idle@3x.png */; };
		D2EB1CEF1B2824C700C400C4 /* bar_button_status_idle~ipad.png in Resources */ = {isa = PBXBuildFile; fileRef = D2EB1CE71B2824C700C400C4 /* bar_button_status_idle~ipad.png */; };
		D2EB1CF01B2824C700C400C4 /* bar_button_status_working@2x.png in Resources */ = {isa = PBXBuildFile; fileRef = D2EB1CE81B2824C700C400C4 /* bar_button_status_working@2x.png */; };
		D2EB1CF11B2824C700C400C4 /* bar_button_status_working@2x~ipad.png in Resources */ = {isa = PBXBuildFile; fileRef = D2EB1CE91B2824C700C400C4 /* bar_button_status_working@2x~ipad.png */; };
		D2EB1CF21B2824C700C400C4 /* bar_button_status_working@3x.png in Resources */ = {isa = PBXBuildFile; fileRef = D2EB1CEA1B2824C700C400C4 /* bar_button_status_working@3x.png */; };
		D2EB1CF31B2824C700C400C4 /* bar_button_status_working~ipad.png in Resources */ = {isa = PBXBuildFile; fileRef = D2EB1CEB1B2824C700C400C4 /* bar_button_status_working~ipad.png */; };
		D2EB1CFC1B28285000C400C4 /* maps_select@2x.png in Resources */ = {isa = PBXBuildFile; fileRef = D2EB1CF41B28285000C400C4 /* maps_select@2x.png */; };
		D2EB1CFD1B28285000C400C4 /* maps_select@2x~ipad.png in Resources */ = {isa = PBXBuildFile; fileRef = D2EB1CF51B28285000C400C4 /* maps_select@2x~ipad.png */; };
		D2EB1CFE1B28285000C400C4 /* maps_select@3x.png in Resources */ = {isa = PBXBuildFile; fileRef = D2EB1CF61B28285000C400C4 /* maps_select@3x.png */; };
		D2EB1CFF1B28285000C400C4 /* maps_select~ipad.png in Resources */ = {isa = PBXBuildFile; fileRef = D2EB1CF71B28285000C400C4 /* maps_select~ipad.png */; };
		D2EB1D001B28285000C400C4 /* maps_unselect@2x.png in Resources */ = {isa = PBXBuildFile; fileRef = D2EB1CF81B28285000C400C4 /* maps_unselect@2x.png */; };
		D2EB1D011B28285000C400C4 /* maps_unselect@2x~ipad.png in Resources */ = {isa = PBXBuildFile; fileRef = D2EB1CF91B28285000C400C4 /* maps_unselect@2x~ipad.png */; };
		D2EB1D021B28285000C400C4 /* maps_unselect@3x.png in Resources */ = {isa = PBXBuildFile; fileRef = D2EB1CFA1B28285000C400C4 /* maps_unselect@3x.png */; };
		D2EB1D031B28285000C400C4 /* maps_unselect~ipad.png in Resources */ = {isa = PBXBuildFile; fileRef = D2EB1CFB1B28285000C400C4 /* maps_unselect~ipad.png */; };
		E9C936FE9395CF61FB966E5A /* libPods.a in Frameworks */ = {isa = PBXBuildFile; fileRef = 924B3D268E70B7BCE7A497E4 /* libPods.a */; };
/* End PBXBuildFile section */

/* Begin PBXContainerItemProxy section */
		D2BE08131B14590800438437 /* PBXContainerItemProxy */ = {
			isa = PBXContainerItemProxy;
			containerPortal = D2BE07F11B14590700438437 /* Project object */;
			proxyType = 1;
			remoteGlobalIDString = D2BE07F81B14590700438437;
			remoteInfo = Driver;
		};
/* End PBXContainerItemProxy section */

/* Begin PBXFileReference section */
		075D96E11B29DF800030F520 /* SystemConfiguration.framework */ = {isa = PBXFileReference; lastKnownFileType = wrapper.framework; name = SystemConfiguration.framework; path = System/Library/Frameworks/SystemConfiguration.framework; sourceTree = SDKROOT; };
		075D96E31B29DF880030F520 /* QuartzCore.framework */ = {isa = PBXFileReference; lastKnownFileType = wrapper.framework; name = QuartzCore.framework; path = System/Library/Frameworks/QuartzCore.framework; sourceTree = SDKROOT; };
		075D96E51B29DF8D0030F520 /* OpenGLES.framework */ = {isa = PBXFileReference; lastKnownFileType = wrapper.framework; name = OpenGLES.framework; path = System/Library/Frameworks/OpenGLES.framework; sourceTree = SDKROOT; };
		075D96E71B29DF920030F520 /* libz.dylib */ = {isa = PBXFileReference; lastKnownFileType = "compiled.mach-o.dylib"; name = libz.dylib; path = usr/lib/libz.dylib; sourceTree = SDKROOT; };
		075D96E91B29DF990030F520 /* libicucore.dylib */ = {isa = PBXFileReference; lastKnownFileType = "compiled.mach-o.dylib"; name = libicucore.dylib; path = usr/lib/libicucore.dylib; sourceTree = SDKROOT; };
		075D96EB1B29DFA00030F520 /* libc++.dylib */ = {isa = PBXFileReference; lastKnownFileType = "compiled.mach-o.dylib"; name = "libc++.dylib"; path = "usr/lib/libc++.dylib"; sourceTree = SDKROOT; };
		075D96ED1B29DFA70030F520 /* ImageIO.framework */ = {isa = PBXFileReference; lastKnownFileType = wrapper.framework; name = ImageIO.framework; path = System/Library/Frameworks/ImageIO.framework; sourceTree = SDKROOT; };
		075D96EF1B29DFAB0030F520 /* GLKit.framework */ = {isa = PBXFileReference; lastKnownFileType = wrapper.framework; name = GLKit.framework; path = System/Library/Frameworks/GLKit.framework; sourceTree = SDKROOT; };
		075D96F11B29DFB10030F520 /* CoreText.framework */ = {isa = PBXFileReference; lastKnownFileType = wrapper.framework; name = CoreText.framework; path = System/Library/Frameworks/CoreText.framework; sourceTree = SDKROOT; };
		075D96F31B29DFBF0030F520 /* CoreData.framework */ = {isa = PBXFileReference; lastKnownFileType = wrapper.framework; name = CoreData.framework; path = System/Library/Frameworks/CoreData.framework; sourceTree = SDKROOT; };
		075D96F51B29DFC50030F520 /* AVFoundation.framework */ = {isa = PBXFileReference; lastKnownFileType = wrapper.framework; name = AVFoundation.framework; path = System/Library/Frameworks/AVFoundation.framework; sourceTree = SDKROOT; };
		07C6E1F81B29E92400617521 /* AMTumblrHud.h */ = {isa = PBXFileReference; fileEncoding = 4; lastKnownFileType = sourcecode.c.h; path = AMTumblrHud.h; sourceTree = "<group>"; };
		07C6E1F91B29E92400617521 /* AMTumblrHud.m */ = {isa = PBXFileReference; fileEncoding = 4; lastKnownFileType = sourcecode.c.objc; path = AMTumblrHud.m; sourceTree = "<group>"; };
		07C6E1FB1B29E92400617521 /* FTLocationManager.h */ = {isa = PBXFileReference; fileEncoding = 4; lastKnownFileType = sourcecode.c.h; path = FTLocationManager.h; sourceTree = "<group>"; };
		07C6E1FC1B29E92400617521 /* FTLocationManager.m */ = {isa = PBXFileReference; fileEncoding = 4; lastKnownFileType = sourcecode.c.objc; path = FTLocationManager.m; sourceTree = "<group>"; };
		07C6E1FE1B29E92400617521 /* MDDirectionService.h */ = {isa = PBXFileReference; fileEncoding = 4; lastKnownFileType = sourcecode.c.h; path = MDDirectionService.h; sourceTree = "<group>"; };
		07C6E1FF1B29E92400617521 /* MDDirectionService.m */ = {isa = PBXFileReference; fileEncoding = 4; lastKnownFileType = sourcecode.c.objc; path = MDDirectionService.m; sourceTree = "<group>"; };
		07C6E2011B29E92400617521 /* SMCalloutView.h */ = {isa = PBXFileReference; fileEncoding = 4; lastKnownFileType = sourcecode.c.h; path = SMCalloutView.h; sourceTree = "<group>"; };
		07C6E2021B29E92400617521 /* SMCalloutView.m */ = {isa = PBXFileReference; fileEncoding = 4; lastKnownFileType = sourcecode.c.objc; path = SMCalloutView.m; sourceTree = "<group>"; };
		07C6E2031B29E92400617521 /* SMClassicCalloutView.h */ = {isa = PBXFileReference; fileEncoding = 4; lastKnownFileType = sourcecode.c.h; path = SMClassicCalloutView.h; sourceTree = "<group>"; };
		07C6E2041B29E92400617521 /* SMClassicCalloutView.m */ = {isa = PBXFileReference; fileEncoding = 4; lastKnownFileType = sourcecode.c.objc; path = SMClassicCalloutView.m; sourceTree = "<group>"; };
		07C6E20C1B29EA3F00617521 /* application_icon.png */ = {isa = PBXFileReference; lastKnownFileType = image.png; path = application_icon.png; sourceTree = "<group>"; };
		07C6E20E1B29EA3F00617521 /* atm_pin.png */ = {isa = PBXFileReference; lastKnownFileType = image.png; path = atm_pin.png; sourceTree = "<group>"; };
		07C6E20F1B29EA3F00617521 /* atm_pin@2x.png */ = {isa = PBXFileReference; lastKnownFileType = image.png; path = "atm_pin@2x.png"; sourceTree = "<group>"; };
		07C6E2101B29EA3F00617521 /* current_pin.png */ = {isa = PBXFileReference; lastKnownFileType = image.png; path = current_pin.png; sourceTree = "<group>"; };
		07C6E2111B29EA3F00617521 /* current_pin@2x.png */ = {isa = PBXFileReference; lastKnownFileType = image.png; path = "current_pin@2x.png"; sourceTree = "<group>"; };
		07C6E2131B29EA3F00617521 /* pin_list.png */ = {isa = PBXFileReference; lastKnownFileType = image.png; path = pin_list.png; sourceTree = "<group>"; };
		07C6E21A1B29EEE600617521 /* GoogleMaps.bundle */ = {isa = PBXFileReference; lastKnownFileType = "wrapper.plug-in"; name = GoogleMaps.bundle; path = Frameworks/GoogleMaps.bundle; sourceTree = "<group>"; };
		07C6E21B1B29EEE600617521 /* GoogleMaps.framework */ = {isa = PBXFileReference; lastKnownFileType = wrapper.framework; name = GoogleMaps.framework; path = Frameworks/GoogleMaps.framework; sourceTree = "<group>"; };
		1AC992FFFC5641BCF56850EB /* Pods.release.xcconfig */ = {isa = PBXFileReference; includeInIndex = 1; lastKnownFileType = text.xcconfig; name = Pods.release.xcconfig; path = "Pods/Target Support Files/Pods/Pods.release.xcconfig"; sourceTree = "<group>"; };
		1FFF8DCF29DDD2DFB5D6F6C7 /* Pods.debug.xcconfig */ = {isa = PBXFileReference; includeInIndex = 1; lastKnownFileType = text.xcconfig; name = Pods.debug.xcconfig; path = "Pods/Target Support Files/Pods/Pods.debug.xcconfig"; sourceTree = "<group>"; };
		924B3D268E70B7BCE7A497E4 /* libPods.a */ = {isa = PBXFileReference; explicitFileType = archive.ar; includeInIndex = 0; path = libPods.a; sourceTree = BUILT_PRODUCTS_DIR; };
		D21257641B14DB020088991F /* bar_button_pass@2x.png */ = {isa = PBXFileReference; lastKnownFileType = image.png; name = "bar_button_pass@2x.png"; path = "AccountViewController/bar_button_pass@2x.png"; sourceTree = "<group>"; };
		D21257651B14DB020088991F /* bar_button_pass@2x~ipad.png */ = {isa = PBXFileReference; lastKnownFileType = image.png; name = "bar_button_pass@2x~ipad.png"; path = "AccountViewController/bar_button_pass@2x~ipad.png"; sourceTree = "<group>"; };
		D21257661B14DB020088991F /* bar_button_pass@3x.png */ = {isa = PBXFileReference; lastKnownFileType = image.png; name = "bar_button_pass@3x.png"; path = "AccountViewController/bar_button_pass@3x.png"; sourceTree = "<group>"; };
		D21257671B14DB020088991F /* bar_button_pass~ipad.png */ = {isa = PBXFileReference; lastKnownFileType = image.png; name = "bar_button_pass~ipad.png"; path = "AccountViewController/bar_button_pass~ipad.png"; sourceTree = "<group>"; };
		D21257681B14DB020088991F /* bar_button_select_pass@2x.png */ = {isa = PBXFileReference; lastKnownFileType = image.png; name = "bar_button_select_pass@2x.png"; path = "AccountViewController/bar_button_select_pass@2x.png"; sourceTree = "<group>"; };
		D21257691B14DB020088991F /* bar_button_select_pass@2x~ipad.png */ = {isa = PBXFileReference; lastKnownFileType = image.png; name = "bar_button_select_pass@2x~ipad.png"; path = "AccountViewController/bar_button_select_pass@2x~ipad.png"; sourceTree = "<group>"; };
		D212576A1B14DB020088991F /* bar_button_select_pass@3x.png */ = {isa = PBXFileReference; lastKnownFileType = image.png; name = "bar_button_select_pass@3x.png"; path = "AccountViewController/bar_button_select_pass@3x.png"; sourceTree = "<group>"; };
		D212576B1B14DB020088991F /* bar_button_select_pass~ipad.png */ = {isa = PBXFileReference; lastKnownFileType = image.png; name = "bar_button_select_pass~ipad.png"; path = "AccountViewController/bar_button_select_pass~ipad.png"; sourceTree = "<group>"; };
		D21257751B14E5F40088991F /* AboutUSViewController.h */ = {isa = PBXFileReference; fileEncoding = 4; lastKnownFileType = sourcecode.c.h; path = AboutUSViewController.h; sourceTree = "<group>"; };
		D21487191B2A09D100CA7085 /* FindViewController.h */ = {isa = PBXFileReference; fileEncoding = 4; lastKnownFileType = sourcecode.c.h; name = FindViewController.h; path = TabbarViewController/FindViewController/FindViewController.h; sourceTree = "<group>"; };
		D214871A1B2A09D100CA7085 /* FindViewController.m */ = {isa = PBXFileReference; fileEncoding = 4; lastKnownFileType = sourcecode.c.objc; name = FindViewController.m; path = TabbarViewController/FindViewController/FindViewController.m; sourceTree = "<group>"; };
		D27AD7771B283BA20024A344 /* RequestViewController.h */ = {isa = PBXFileReference; fileEncoding = 4; lastKnownFileType = sourcecode.c.h; name = RequestViewController.h; path = TabbarViewController/RequestViewController/RequestViewController.h; sourceTree = "<group>"; };
		D27AD7781B283BA20024A344 /* RequestViewController.m */ = {isa = PBXFileReference; fileEncoding = 4; lastKnownFileType = sourcecode.c.objc; name = RequestViewController.m; path = TabbarViewController/RequestViewController/RequestViewController.m; sourceTree = "<group>"; };
		D27AD77A1B283BE70024A344 /* TableRequestSource.h */ = {isa = PBXFileReference; fileEncoding = 4; lastKnownFileType = sourcecode.c.h; name = TableRequestSource.h; path = TabbarViewController/RequestViewController/TableRequestSource.h; sourceTree = "<group>"; };
		D27AD77B1B283BE70024A344 /* TableRequestSource.m */ = {isa = PBXFileReference; fileEncoding = 4; lastKnownFileType = sourcecode.c.objc; name = TableRequestSource.m; path = TabbarViewController/RequestViewController/TableRequestSource.m; sourceTree = "<group>"; };
		D27AD77D1B284EFF0024A344 /* TableRequestCell.h */ = {isa = PBXFileReference; fileEncoding = 4; lastKnownFileType = sourcecode.c.h; name = TableRequestCell.h; path = TabbarViewController/RequestViewController/TableRequestCell.h; sourceTree = "<group>"; };
		D27AD77E1B284EFF0024A344 /* TableRequestCell.m */ = {isa = PBXFileReference; fileEncoding = 4; lastKnownFileType = sourcecode.c.objc; name = TableRequestCell.m; path = TabbarViewController/RequestViewController/TableRequestCell.m; sourceTree = "<group>"; };
		D284C48D1B2896DA006CC32E /* CoreLocation.framework */ = {isa = PBXFileReference; lastKnownFileType = wrapper.framework; name = CoreLocation.framework; path = System/Library/Frameworks/CoreLocation.framework; sourceTree = SDKROOT; };
		D2BE07F91B14590700438437 /* Driver.app */ = {isa = PBXFileReference; explicitFileType = wrapper.application; includeInIndex = 0; path = Driver.app; sourceTree = BUILT_PRODUCTS_DIR; };
		D2BE08091B14590700438437 /* Images.xcassets */ = {isa = PBXFileReference; lastKnownFileType = folder.assetcatalog; path = Images.xcassets; sourceTree = "<group>"; };
		D2BE080C1B14590700438437 /* Base */ = {isa = PBXFileReference; lastKnownFileType = file.xib; name = Base; path = Base.lproj/LaunchScreen.xib; sourceTree = "<group>"; };
		D2BE08121B14590800438437 /* DriverTests.xctest */ = {isa = PBXFileReference; explicitFileType = wrapper.cfbundle; includeInIndex = 0; path = DriverTests.xctest; sourceTree = BUILT_PRODUCTS_DIR; };
		D2BE08171B14590800438437 /* Info.plist */ = {isa = PBXFileReference; lastKnownFileType = text.plist.xml; path = Info.plist; sourceTree = "<group>"; };
		D2BE08181B14590800438437 /* DriverTests.m */ = {isa = PBXFileReference; lastKnownFileType = sourcecode.c.objc; path = DriverTests.m; sourceTree = "<group>"; };
		D2BE08231B14594600438437 /* AppDelegate.h */ = {isa = PBXFileReference; fileEncoding = 4; lastKnownFileType = sourcecode.c.h; path = AppDelegate.h; sourceTree = "<group>"; };
		D2BE08241B14594600438437 /* AppDelegate.m */ = {isa = PBXFileReference; fileEncoding = 4; lastKnownFileType = sourcecode.c.objc; path = AppDelegate.m; sourceTree = "<group>"; };
		D2BE084A1B1459F300438437 /* HelperView.h */ = {isa = PBXFileReference; fileEncoding = 4; lastKnownFileType = sourcecode.c.h; path = HelperView.h; sourceTree = "<group>"; };
		D2BE084B1B1459F300438437 /* HelperView.m */ = {isa = PBXFileReference; fileEncoding = 4; lastKnownFileType = sourcecode.c.objc; path = HelperView.m; sourceTree = "<group>"; };
		D2BE084C1B1459F300438437 /* Info.plist */ = {isa = PBXFileReference; fileEncoding = 4; lastKnownFileType = text.plist.xml; path = Info.plist; sourceTree = "<group>"; };
		D2BE084D1B1459F300438437 /* main.m */ = {isa = PBXFileReference; fileEncoding = 4; lastKnownFileType = sourcecode.c.objc; path = main.m; sourceTree = "<group>"; };
		D2BE084E1B1459F300438437 /* Driver-Prefix-Header.h */ = {isa = PBXFileReference; fileEncoding = 4; lastKnownFileType = sourcecode.c.h; path = "Driver-Prefix-Header.h"; sourceTree = "<group>"; };
		D2BE08531B145A6B00438437 /* DatabaseHandler.h */ = {isa = PBXFileReference; fileEncoding = 4; lastKnownFileType = sourcecode.c.h; path = DatabaseHandler.h; sourceTree = "<group>"; };
		D2BE08541B145A6B00438437 /* DatabaseHandler.m */ = {isa = PBXFileReference; fileEncoding = 4; lastKnownFileType = sourcecode.c.objc; path = DatabaseHandler.m; sourceTree = "<group>"; };
		D2BE08561B145A6B00438437 /* Book.h */ = {isa = PBXFileReference; fileEncoding = 4; lastKnownFileType = sourcecode.c.h; path = Book.h; sourceTree = "<group>"; };
		D2BE08571B145A6B00438437 /* Book.m */ = {isa = PBXFileReference; fileEncoding = 4; lastKnownFileType = sourcecode.c.objc; path = Book.m; sourceTree = "<group>"; };
		D2BE08581B145A6B00438437 /* Car.h */ = {isa = PBXFileReference; fileEncoding = 4; lastKnownFileType = sourcecode.c.h; path = Car.h; sourceTree = "<group>"; };
		D2BE08591B145A6B00438437 /* Car.m */ = {isa = PBXFileReference; fileEncoding = 4; lastKnownFileType = sourcecode.c.objc; path = Car.m; sourceTree = "<group>"; };
		D2BE085A1B145A6B00438437 /* Company.h */ = {isa = PBXFileReference; fileEncoding = 4; lastKnownFileType = sourcecode.c.h; path = Company.h; sourceTree = "<group>"; };
		D2BE085B1B145A6B00438437 /* Company.m */ = {isa = PBXFileReference; fileEncoding = 4; lastKnownFileType = sourcecode.c.objc; path = Company.m; sourceTree = "<group>"; };
		D2BE085C1B145A6B00438437 /* Driver.h */ = {isa = PBXFileReference; fileEncoding = 4; lastKnownFileType = sourcecode.c.h; path = Driver.h; sourceTree = "<group>"; };
		D2BE085D1B145A6B00438437 /* Driver.m */ = {isa = PBXFileReference; fileEncoding = 4; lastKnownFileType = sourcecode.c.objc; path = Driver.m; sourceTree = "<group>"; };
		D2BE085E1B145A6B00438437 /* Tour.h */ = {isa = PBXFileReference; fileEncoding = 4; lastKnownFileType = sourcecode.c.h; path = Tour.h; sourceTree = "<group>"; };
		D2BE085F1B145A6B00438437 /* Tour.m */ = {isa = PBXFileReference; fileEncoding = 4; lastKnownFileType = sourcecode.c.objc; path = Tour.m; sourceTree = "<group>"; };
		D2BE08601B145A6B00438437 /* User.h */ = {isa = PBXFileReference; fileEncoding = 4; lastKnownFileType = sourcecode.c.h; path = User.h; sourceTree = "<group>"; };
		D2BE08611B145A6B00438437 /* User.m */ = {isa = PBXFileReference; fileEncoding = 4; lastKnownFileType = sourcecode.c.objc; path = User.m; sourceTree = "<group>"; };
		D2BE08631B145A6B00438437 /* Network.h */ = {isa = PBXFileReference; fileEncoding = 4; lastKnownFileType = sourcecode.c.h; path = Network.h; sourceTree = "<group>"; };
		D2BE08641B145A6B00438437 /* Network.m */ = {isa = PBXFileReference; fileEncoding = 4; lastKnownFileType = sourcecode.c.objc; path = Network.m; sourceTree = "<group>"; };
		D2BE086E1B145AA400438437 /* TabbarViewController.h */ = {isa = PBXFileReference; fileEncoding = 4; lastKnownFileType = sourcecode.c.h; name = TabbarViewController.h; path = TabbarViewController/TabbarViewController.h; sourceTree = "<group>"; };
		D2BE086F1B145AA400438437 /* TabbarViewController.m */ = {isa = PBXFileReference; fileEncoding = 4; lastKnownFileType = sourcecode.c.objc; name = TabbarViewController.m; path = TabbarViewController/TabbarViewController.m; sourceTree = "<group>"; };
		D2BE08B11B145C6C00438437 /* AccountViewController.h */ = {isa = PBXFileReference; fileEncoding = 4; lastKnownFileType = sourcecode.c.h; path = AccountViewController.h; sourceTree = "<group>"; };
		D2BE08B21B145C6C00438437 /* AccountViewController.m */ = {isa = PBXFileReference; fileEncoding = 4; lastKnownFileType = sourcecode.c.objc; path = AccountViewController.m; sourceTree = "<group>"; };
		D2BE08B31B145C6C00438437 /* TextFieldAccount.h */ = {isa = PBXFileReference; fileEncoding = 4; lastKnownFileType = sourcecode.c.h; path = TextFieldAccount.h; sourceTree = "<group>"; };
		D2BE08B41B145C6C00438437 /* TextFieldAccount.m */ = {isa = PBXFileReference; fileEncoding = 4; lastKnownFileType = sourcecode.c.objc; path = TextFieldAccount.m; sourceTree = "<group>"; };
		D2BE08B61B145C6C00438437 /* BarButtonBack.h */ = {isa = PBXFileReference; fileEncoding = 4; lastKnownFileType = sourcecode.c.h; path = BarButtonBack.h; sourceTree = "<group>"; };
		D2BE08B71B145C6C00438437 /* BarButtonBack.m */ = {isa = PBXFileReference; fileEncoding = 4; lastKnownFileType = sourcecode.c.objc; path = BarButtonBack.m; sourceTree = "<group>"; };
		D2BE08B81B145C6C00438437 /* BarButtonMenu.h */ = {isa = PBXFileReference; fileEncoding = 4; lastKnownFileType = sourcecode.c.h; path = BarButtonMenu.h; sourceTree = "<group>"; };
		D2BE08B91B145C6C00438437 /* BarButtonMenu.m */ = {isa = PBXFileReference; fileEncoding = 4; lastKnownFileType = sourcecode.c.objc; path = BarButtonMenu.m; sourceTree = "<group>"; };
		D2BE08BA1B145C6C00438437 /* ButtonApp.h */ = {isa = PBXFileReference; fileEncoding = 4; lastKnownFileType = sourcecode.c.h; path = ButtonApp.h; sourceTree = "<group>"; };
		D2BE08BB1B145C6C00438437 /* ButtonApp.m */ = {isa = PBXFileReference; fileEncoding = 4; lastKnownFileType = sourcecode.c.objc; path = ButtonApp.m; sourceTree = "<group>"; };
		D2BE08BC1B145C6C00438437 /* CustomAlertView.h */ = {isa = PBXFileReference; fileEncoding = 4; lastKnownFileType = sourcecode.c.h; path = CustomAlertView.h; sourceTree = "<group>"; };
		D2BE08BD1B145C6C00438437 /* CustomAlertView.m */ = {isa = PBXFileReference; fileEncoding = 4; lastKnownFileType = sourcecode.c.objc; path = CustomAlertView.m; sourceTree = "<group>"; };
		D2BE08BE1B145C6C00438437 /* PickDateViewController.h */ = {isa = PBXFileReference; fileEncoding = 4; lastKnownFileType = sourcecode.c.h; path = PickDateViewController.h; sourceTree = "<group>"; };
		D2BE08BF1B145C6C00438437 /* PickDateViewController.m */ = {isa = PBXFileReference; fileEncoding = 4; lastKnownFileType = sourcecode.c.objc; path = PickDateViewController.m; sourceTree = "<group>"; };
		D2BE08C01B145C6C00438437 /* PickViewController.h */ = {isa = PBXFileReference; fileEncoding = 4; lastKnownFileType = sourcecode.c.h; path = PickViewController.h; sourceTree = "<group>"; };
		D2BE08C11B145C6C00438437 /* PickViewController.m */ = {isa = PBXFileReference; fileEncoding = 4; lastKnownFileType = sourcecode.c.objc; path = PickViewController.m; sourceTree = "<group>"; };
		D2BE08C31B145C6C00438437 /* MenuViewController.h */ = {isa = PBXFileReference; fileEncoding = 4; lastKnownFileType = sourcecode.c.h; path = MenuViewController.h; sourceTree = "<group>"; };
		D2BE08C41B145C6C00438437 /* MenuViewController.m */ = {isa = PBXFileReference; fileEncoding = 4; lastKnownFileType = sourcecode.c.objc; path = MenuViewController.m; sourceTree = "<group>"; };
		D2BE08C81B145C6C00438437 /* AboutUSViewController.m */ = {isa = PBXFileReference; fileEncoding = 4; lastKnownFileType = sourcecode.c.objc; path = AboutUSViewController.m; sourceTree = "<group>"; };
		D2BE08CA1B145C6C00438437 /* AppViewController.h */ = {isa = PBXFileReference; fileEncoding = 4; lastKnownFileType = sourcecode.c.h; path = AppViewController.h; sourceTree = "<group>"; };
		D2BE08CB1B145C6C00438437 /* AppViewController.m */ = {isa = PBXFileReference; fileEncoding = 4; lastKnownFileType = sourcecode.c.objc; path = AppViewController.m; sourceTree = "<group>"; };
		D2BE08D71B145C6C00438437 /* SupportViewController.h */ = {isa = PBXFileReference; fileEncoding = 4; lastKnownFileType = sourcecode.c.h; path = SupportViewController.h; sourceTree = "<group>"; };
		D2BE08D81B145C6C00438437 /* SupportViewController.m */ = {isa = PBXFileReference; fileEncoding = 4; lastKnownFileType = sourcecode.c.objc; path = SupportViewController.m; sourceTree = "<group>"; };
		D2BE08D91B145C6C00438437 /* TableDelegateMenu.h */ = {isa = PBXFileReference; fileEncoding = 4; lastKnownFileType = sourcecode.c.h; path = TableDelegateMenu.h; sourceTree = "<group>"; };
		D2BE08DA1B145C6C00438437 /* TableDelegateMenu.m */ = {isa = PBXFileReference; fileEncoding = 4; lastKnownFileType = sourcecode.c.objc; path = TableDelegateMenu.m; sourceTree = "<group>"; };
		D2BE08DB1B145C6C00438437 /* TableSectionInfo.h */ = {isa = PBXFileReference; fileEncoding = 4; lastKnownFileType = sourcecode.c.h; path = TableSectionInfo.h; sourceTree = "<group>"; };
		D2BE08DC1B145C6C00438437 /* TableSectionInfo.m */ = {isa = PBXFileReference; fileEncoding = 4; lastKnownFileType = sourcecode.c.objc; path = TableSectionInfo.m; sourceTree = "<group>"; };
		D2BE090C1B1462BA00438437 /* bar_button_back@2x.png */ = {isa = PBXFileReference; lastKnownFileType = image.png; path = "bar_button_back@2x.png"; sourceTree = "<group>"; };
		D2BE090D1B1462BA00438437 /* bar_button_back@2x~ipad.png */ = {isa = PBXFileReference; lastKnownFileType = image.png; path = "bar_button_back@2x~ipad.png"; sourceTree = "<group>"; };
		D2BE090E1B1462BA00438437 /* bar_button_back@3x.png */ = {isa = PBXFileReference; lastKnownFileType = image.png; path = "bar_button_back@3x.png"; sourceTree = "<group>"; };
		D2BE090F1B1462BA00438437 /* bar_button_back~ipad.png */ = {isa = PBXFileReference; lastKnownFileType = image.png; path = "bar_button_back~ipad.png"; sourceTree = "<group>"; };
		D2BE09101B1462BA00438437 /* bar_button_menu@2x.png */ = {isa = PBXFileReference; lastKnownFileType = image.png; path = "bar_button_menu@2x.png"; sourceTree = "<group>"; };
		D2BE09111B1462BA00438437 /* bar_button_menu@2x~ipad.png */ = {isa = PBXFileReference; lastKnownFileType = image.png; path = "bar_button_menu@2x~ipad.png"; sourceTree = "<group>"; };
		D2BE09121B1462BA00438437 /* bar_button_menu@3x.png */ = {isa = PBXFileReference; lastKnownFileType = image.png; path = "bar_button_menu@3x.png"; sourceTree = "<group>"; };
		D2BE09131B1462BA00438437 /* bar_button_menu~ipad.png */ = {isa = PBXFileReference; lastKnownFileType = image.png; path = "bar_button_menu~ipad.png"; sourceTree = "<group>"; };
		D2BE09141B1462BA00438437 /* bar_button_select_back@2x.png */ = {isa = PBXFileReference; lastKnownFileType = image.png; path = "bar_button_select_back@2x.png"; sourceTree = "<group>"; };
		D2BE09151B1462BA00438437 /* bar_button_select_back@2x~ipad.png */ = {isa = PBXFileReference; lastKnownFileType = image.png; path = "bar_button_select_back@2x~ipad.png"; sourceTree = "<group>"; };
		D2BE09161B1462BA00438437 /* bar_button_select_back@3x.png */ = {isa = PBXFileReference; lastKnownFileType = image.png; path = "bar_button_select_back@3x.png"; sourceTree = "<group>"; };
		D2BE09171B1462BA00438437 /* bar_button_select_back~ipad.png */ = {isa = PBXFileReference; lastKnownFileType = image.png; path = "bar_button_select_back~ipad.png"; sourceTree = "<group>"; };
		D2BE09181B1462BA00438437 /* bar_button_select_menu@2x.png */ = {isa = PBXFileReference; lastKnownFileType = image.png; path = "bar_button_select_menu@2x.png"; sourceTree = "<group>"; };
		D2BE09191B1462BA00438437 /* bar_button_select_menu@2x~ipad.png */ = {isa = PBXFileReference; lastKnownFileType = image.png; path = "bar_button_select_menu@2x~ipad.png"; sourceTree = "<group>"; };
		D2BE091A1B1462BA00438437 /* bar_button_select_menu@3x.png */ = {isa = PBXFileReference; lastKnownFileType = image.png; path = "bar_button_select_menu@3x.png"; sourceTree = "<group>"; };
		D2BE091B1B1462BA00438437 /* bar_button_select_menu~ipad.png */ = {isa = PBXFileReference; lastKnownFileType = image.png; path = "bar_button_select_menu~ipad.png"; sourceTree = "<group>"; };
		D2BE091D1B1462BA00438437 /* img_btn_call@2x.png */ = {isa = PBXFileReference; lastKnownFileType = image.png; path = "img_btn_call@2x.png"; sourceTree = "<group>"; };
		D2BE091E1B1462BA00438437 /* img_btn_call@2x~ipad.png */ = {isa = PBXFileReference; lastKnownFileType = image.png; path = "img_btn_call@2x~ipad.png"; sourceTree = "<group>"; };
		D2BE091F1B1462BA00438437 /* img_btn_call@3x.png */ = {isa = PBXFileReference; lastKnownFileType = image.png; path = "img_btn_call@3x.png"; sourceTree = "<group>"; };
		D2BE09201B1462BA00438437 /* img_btn_call~ipad.png */ = {isa = PBXFileReference; lastKnownFileType = image.png; path = "img_btn_call~ipad.png"; sourceTree = "<group>"; };
		D2BE09211B1462BA00438437 /* img_btn_select_call@2x.png */ = {isa = PBXFileReference; lastKnownFileType = image.png; path = "img_btn_select_call@2x.png"; sourceTree = "<group>"; };
		D2BE09221B1462BA00438437 /* img_btn_select_call@2x~ipad.png */ = {isa = PBXFileReference; lastKnownFileType = image.png; path = "img_btn_select_call@2x~ipad.png"; sourceTree = "<group>"; };
		D2BE09231B1462BA00438437 /* img_btn_select_call@3x.png */ = {isa = PBXFileReference; lastKnownFileType = image.png; path = "img_btn_select_call@3x.png"; sourceTree = "<group>"; };
		D2BE09241B1462BA00438437 /* img_btn_select_call~ipad.png */ = {isa = PBXFileReference; lastKnownFileType = image.png; path = "img_btn_select_call~ipad.png"; sourceTree = "<group>"; };
		D2BE09271B1462BA00438437 /* account_select@2x.png */ = {isa = PBXFileReference; lastKnownFileType = image.png; path = "account_select@2x.png"; sourceTree = "<group>"; };
		D2BE09281B1462BA00438437 /* account_select@2x~ipad.png */ = {isa = PBXFileReference; lastKnownFileType = image.png; path = "account_select@2x~ipad.png"; sourceTree = "<group>"; };
		D2BE09291B1462BA00438437 /* account_select@3x.png */ = {isa = PBXFileReference; lastKnownFileType = image.png; path = "account_select@3x.png"; sourceTree = "<group>"; };
		D2BE092A1B1462BA00438437 /* account_select~ipad.png */ = {isa = PBXFileReference; lastKnownFileType = image.png; path = "account_select~ipad.png"; sourceTree = "<group>"; };
		D2BE092B1B1462BA00438437 /* account_unselect@2x.png */ = {isa = PBXFileReference; lastKnownFileType = image.png; path = "account_unselect@2x.png"; sourceTree = "<group>"; };
		D2BE092C1B1462BA00438437 /* account_unselect@2x~ipad.png */ = {isa = PBXFileReference; lastKnownFileType = image.png; path = "account_unselect@2x~ipad.png"; sourceTree = "<group>"; };
		D2BE092D1B1462BA00438437 /* account_unselect@3x.png */ = {isa = PBXFileReference; lastKnownFileType = image.png; path = "account_unselect@3x.png"; sourceTree = "<group>"; };
		D2BE092E1B1462BA00438437 /* account_unselect~ipad.png */ = {isa = PBXFileReference; lastKnownFileType = image.png; path = "account_unselect~ipad.png"; sourceTree = "<group>"; };
		D2BE092F1B1462BA00438437 /* book_select@2x.png */ = {isa = PBXFileReference; lastKnownFileType = image.png; path = "book_select@2x.png"; sourceTree = "<group>"; };
		D2BE09301B1462BA00438437 /* book_select@2x~ipad.png */ = {isa = PBXFileReference; lastKnownFileType = image.png; path = "book_select@2x~ipad.png"; sourceTree = "<group>"; };
		D2BE09311B1462BA00438437 /* book_select@3x.png */ = {isa = PBXFileReference; lastKnownFileType = image.png; path = "book_select@3x.png"; sourceTree = "<group>"; };
		D2BE09321B1462BA00438437 /* book_select~ipad.png */ = {isa = PBXFileReference; lastKnownFileType = image.png; path = "book_select~ipad.png"; sourceTree = "<group>"; };
		D2BE09331B1462BA00438437 /* book_unselect@2x.png */ = {isa = PBXFileReference; lastKnownFileType = image.png; path = "book_unselect@2x.png"; sourceTree = "<group>"; };
		D2BE09341B1462BA00438437 /* book_unselect@2x~ipad.png */ = {isa = PBXFileReference; lastKnownFileType = image.png; path = "book_unselect@2x~ipad.png"; sourceTree = "<group>"; };
		D2BE09351B1462BA00438437 /* book_unselect@3x.png */ = {isa = PBXFileReference; lastKnownFileType = image.png; path = "book_unselect@3x.png"; sourceTree = "<group>"; };
		D2BE09361B1462BA00438437 /* book_unselect~ipad.png */ = {isa = PBXFileReference; lastKnownFileType = image.png; path = "book_unselect~ipad.png"; sourceTree = "<group>"; };
		D2BE09371B1462BA00438437 /* feedback_select@2x.png */ = {isa = PBXFileReference; lastKnownFileType = image.png; path = "feedback_select@2x.png"; sourceTree = "<group>"; };
		D2BE09381B1462BA00438437 /* feedback_select@2x~ipad.png */ = {isa = PBXFileReference; lastKnownFileType = image.png; path = "feedback_select@2x~ipad.png"; sourceTree = "<group>"; };
		D2BE09391B1462BA00438437 /* feedback_select@3x.png */ = {isa = PBXFileReference; lastKnownFileType = image.png; path = "feedback_select@3x.png"; sourceTree = "<group>"; };
		D2BE093A1B1462BA00438437 /* feedback_select~ipad.png */ = {isa = PBXFileReference; lastKnownFileType = image.png; path = "feedback_select~ipad.png"; sourceTree = "<group>"; };
		D2BE093B1B1462BA00438437 /* feedback_unselect@2x.png */ = {isa = PBXFileReference; lastKnownFileType = image.png; path = "feedback_unselect@2x.png"; sourceTree = "<group>"; };
		D2BE093C1B1462BA00438437 /* feedback_unselect@2x~ipad.png */ = {isa = PBXFileReference; lastKnownFileType = image.png; path = "feedback_unselect@2x~ipad.png"; sourceTree = "<group>"; };
		D2BE093D1B1462BA00438437 /* feedback_unselect@3x.png */ = {isa = PBXFileReference; lastKnownFileType = image.png; path = "feedback_unselect@3x.png"; sourceTree = "<group>"; };
		D2BE093E1B1462BA00438437 /* feedback_unselect~ipad.png */ = {isa = PBXFileReference; lastKnownFileType = image.png; path = "feedback_unselect~ipad.png"; sourceTree = "<group>"; };
		D2BE09881B14689600438437 /* FeedbackViewController.h */ = {isa = PBXFileReference; fileEncoding = 4; lastKnownFileType = sourcecode.c.h; path = FeedbackViewController.h; sourceTree = "<group>"; };
		D2BE09891B14689600438437 /* FeedbackViewController.m */ = {isa = PBXFileReference; fileEncoding = 4; lastKnownFileType = sourcecode.c.objc; path = FeedbackViewController.m; sourceTree = "<group>"; };
		D2BE098B1B1468A600438437 /* MessageUI.framework */ = {isa = PBXFileReference; lastKnownFileType = wrapper.framework; name = MessageUI.framework; path = System/Library/Frameworks/MessageUI.framework; sourceTree = SDKROOT; };
		D2BE09921B14A7F800438437 /* Base */ = {isa = PBXFileReference; lastKnownFileType = file.storyboard; name = Base; path = Driver/Base.lproj/Main.storyboard; sourceTree = SOURCE_ROOT; };
		D2EB1CD51B27FA3100C400C4 /* LoginViewController.h */ = {isa = PBXFileReference; fileEncoding = 4; lastKnownFileType = sourcecode.c.h; path = LoginViewController.h; sourceTree = "<group>"; };
		D2EB1CD61B27FA3100C400C4 /* LoginViewController.m */ = {isa = PBXFileReference; fileEncoding = 4; lastKnownFileType = sourcecode.c.objc; path = LoginViewController.m; sourceTree = "<group>"; };
		D2EB1CDE1B27FA9F00C400C4 /* SlashScreenViewController.h */ = {isa = PBXFileReference; fileEncoding = 4; lastKnownFileType = sourcecode.c.h; path = SlashScreenViewController.h; sourceTree = "<group>"; };
		D2EB1CDF1B27FA9F00C400C4 /* SlashScreenViewController.m */ = {isa = PBXFileReference; fileEncoding = 4; lastKnownFileType = sourcecode.c.objc; path = SlashScreenViewController.m; sourceTree = "<group>"; };
		D2EB1CE11B2802B200C400C4 /* BarButtonStatus.h */ = {isa = PBXFileReference; fileEncoding = 4; lastKnownFileType = sourcecode.c.h; path = BarButtonStatus.h; sourceTree = "<group>"; };
		D2EB1CE21B2802B200C400C4 /* BarButtonStatus.m */ = {isa = PBXFileReference; fileEncoding = 4; lastKnownFileType = sourcecode.c.objc; path = BarButtonStatus.m; sourceTree = "<group>"; };
		D2EB1CE41B2824C700C400C4 /* bar_button_status_idle@2x.png */ = {isa = PBXFileReference; lastKnownFileType = image.png; path = "bar_button_status_idle@2x.png"; sourceTree = "<group>"; };
		D2EB1CE51B2824C700C400C4 /* bar_button_status_idle@2x~ipad.png */ = {isa = PBXFileReference; lastKnownFileType = image.png; path = "bar_button_status_idle@2x~ipad.png"; sourceTree = "<group>"; };
		D2EB1CE61B2824C700C400C4 /* bar_button_status_idle@3x.png */ = {isa = PBXFileReference; lastKnownFileType = image.png; path = "bar_button_status_idle@3x.png"; sourceTree = "<group>"; };
		D2EB1CE71B2824C700C400C4 /* bar_button_status_idle~ipad.png */ = {isa = PBXFileReference; lastKnownFileType = image.png; path = "bar_button_status_idle~ipad.png"; sourceTree = "<group>"; };
		D2EB1CE81B2824C700C400C4 /* bar_button_status_working@2x.png */ = {isa = PBXFileReference; lastKnownFileType = image.png; path = "bar_button_status_working@2x.png"; sourceTree = "<group>"; };
		D2EB1CE91B2824C700C400C4 /* bar_button_status_working@2x~ipad.png */ = {isa = PBXFileReference; lastKnownFileType = image.png; path = "bar_button_status_working@2x~ipad.png"; sourceTree = "<group>"; };
		D2EB1CEA1B2824C700C400C4 /* bar_button_status_working@3x.png */ = {isa = PBXFileReference; lastKnownFileType = image.png; path = "bar_button_status_working@3x.png"; sourceTree = "<group>"; };
		D2EB1CEB1B2824C700C400C4 /* bar_button_status_working~ipad.png */ = {isa = PBXFileReference; lastKnownFileType = image.png; path = "bar_button_status_working~ipad.png"; sourceTree = "<group>"; };
		D2EB1CF41B28285000C400C4 /* maps_select@2x.png */ = {isa = PBXFileReference; lastKnownFileType = image.png; path = "maps_select@2x.png"; sourceTree = "<group>"; };
		D2EB1CF51B28285000C400C4 /* maps_select@2x~ipad.png */ = {isa = PBXFileReference; lastKnownFileType = image.png; path = "maps_select@2x~ipad.png"; sourceTree = "<group>"; };
		D2EB1CF61B28285000C400C4 /* maps_select@3x.png */ = {isa = PBXFileReference; lastKnownFileType = image.png; path = "maps_select@3x.png"; sourceTree = "<group>"; };
		D2EB1CF71B28285000C400C4 /* maps_select~ipad.png */ = {isa = PBXFileReference; lastKnownFileType = image.png; path = "maps_select~ipad.png"; sourceTree = "<group>"; };
		D2EB1CF81B28285000C400C4 /* maps_unselect@2x.png */ = {isa = PBXFileReference; lastKnownFileType = image.png; path = "maps_unselect@2x.png"; sourceTree = "<group>"; };
		D2EB1CF91B28285000C400C4 /* maps_unselect@2x~ipad.png */ = {isa = PBXFileReference; lastKnownFileType = image.png; path = "maps_unselect@2x~ipad.png"; sourceTree = "<group>"; };
		D2EB1CFA1B28285000C400C4 /* maps_unselect@3x.png */ = {isa = PBXFileReference; lastKnownFileType = image.png; path = "maps_unselect@3x.png"; sourceTree = "<group>"; };
		D2EB1CFB1B28285000C400C4 /* maps_unselect~ipad.png */ = {isa = PBXFileReference; lastKnownFileType = image.png; path = "maps_unselect~ipad.png"; sourceTree = "<group>"; };
/* End PBXFileReference section */

/* Begin PBXFrameworksBuildPhase section */
		D2BE07F61B14590700438437 /* Frameworks */ = {
			isa = PBXFrameworksBuildPhase;
			buildActionMask = 2147483647;
			files = (
				075D96F61B29DFC50030F520 /* AVFoundation.framework in Frameworks */,
				075D96F41B29DFBF0030F520 /* CoreData.framework in Frameworks */,
				D284C48E1B2896DA006CC32E /* CoreLocation.framework in Frameworks */,
				075D96F21B29DFB10030F520 /* CoreText.framework in Frameworks */,
				075D96F01B29DFAB0030F520 /* GLKit.framework in Frameworks */,
				075D96EE1B29DFA70030F520 /* ImageIO.framework in Frameworks */,
				075D96EC1B29DFA00030F520 /* libc++.dylib in Frameworks */,
				075D96EA1B29DF990030F520 /* libicucore.dylib in Frameworks */,
				075D96E81B29DF920030F520 /* libz.dylib in Frameworks */,
				075D96E61B29DF8D0030F520 /* OpenGLES.framework in Frameworks */,
				075D96E41B29DF880030F520 /* QuartzCore.framework in Frameworks */,
				075D96E21B29DF800030F520 /* SystemConfiguration.framework in Frameworks */,
				D2BE098C1B1468A600438437 /* MessageUI.framework in Frameworks */,
				07C6E21D1B29EEE600617521 /* GoogleMaps.framework in Frameworks */,
				E9C936FE9395CF61FB966E5A /* libPods.a in Frameworks */,
			);
			runOnlyForDeploymentPostprocessing = 0;
		};
		D2BE080F1B14590800438437 /* Frameworks */ = {
			isa = PBXFrameworksBuildPhase;
			buildActionMask = 2147483647;
			files = (
			);
			runOnlyForDeploymentPostprocessing = 0;
		};
/* End PBXFrameworksBuildPhase section */

/* Begin PBXGroup section */
		07C6E1F61B29E92400617521 /* Library */ = {
			isa = PBXGroup;
			children = (
				07C6E1F71B29E92400617521 /* AMTumblrHud */,
				07C6E1FA1B29E92400617521 /* FTLocationManager */,
				07C6E1FD1B29E92400617521 /* MDDirectionService */,
				07C6E2001B29E92400617521 /* SMCalloutView */,
			);
			name = Library;
			path = TabbarViewController/FindViewController/Library;
			sourceTree = "<group>";
		};
		07C6E1F71B29E92400617521 /* AMTumblrHud */ = {
			isa = PBXGroup;
			children = (
				07C6E1F81B29E92400617521 /* AMTumblrHud.h */,
				07C6E1F91B29E92400617521 /* AMTumblrHud.m */,
			);
			path = AMTumblrHud;
			sourceTree = "<group>";
		};
		07C6E1FA1B29E92400617521 /* FTLocationManager */ = {
			isa = PBXGroup;
			children = (
				07C6E1FB1B29E92400617521 /* FTLocationManager.h */,
				07C6E1FC1B29E92400617521 /* FTLocationManager.m */,
			);
			path = FTLocationManager;
			sourceTree = "<group>";
		};
		07C6E1FD1B29E92400617521 /* MDDirectionService */ = {
			isa = PBXGroup;
			children = (
				07C6E1FE1B29E92400617521 /* MDDirectionService.h */,
				07C6E1FF1B29E92400617521 /* MDDirectionService.m */,
			);
			path = MDDirectionService;
			sourceTree = "<group>";
		};
		07C6E2001B29E92400617521 /* SMCalloutView */ = {
			isa = PBXGroup;
			children = (
				07C6E2011B29E92400617521 /* SMCalloutView.h */,
				07C6E2021B29E92400617521 /* SMCalloutView.m */,
				07C6E2031B29E92400617521 /* SMClassicCalloutView.h */,
				07C6E2041B29E92400617521 /* SMClassicCalloutView.m */,
			);
			path = SMCalloutView;
			sourceTree = "<group>";
		};
		07C6E20A1B29EA3F00617521 /* Resource */ = {
			isa = PBXGroup;
			children = (
				07C6E20B1B29EA3F00617521 /* Icon */,
				07C6E20D1B29EA3F00617521 /* Map */,
				07C6E2121B29EA3F00617521 /* Pin */,
			);
			name = Resource;
			path = TabbarViewController/FindViewController/Resource;
			sourceTree = "<group>";
		};
		07C6E20B1B29EA3F00617521 /* Icon */ = {
			isa = PBXGroup;
			children = (
				07C6E20C1B29EA3F00617521 /* application_icon.png */,
			);
			path = Icon;
			sourceTree = "<group>";
		};
		07C6E20D1B29EA3F00617521 /* Map */ = {
			isa = PBXGroup;
			children = (
				07C6E20E1B29EA3F00617521 /* atm_pin.png */,
				07C6E20F1B29EA3F00617521 /* atm_pin@2x.png */,
				07C6E2101B29EA3F00617521 /* current_pin.png */,
				07C6E2111B29EA3F00617521 /* current_pin@2x.png */,
			);
			path = Map;
			sourceTree = "<group>";
		};
		07C6E2121B29EA3F00617521 /* Pin */ = {
			isa = PBXGroup;
			children = (
				07C6E2131B29EA3F00617521 /* pin_list.png */,
			);
			path = Pin;
			sourceTree = "<group>";
		};
		27BAA60BDC2E7E96B6388490 /* Frameworks */ = {
			isa = PBXGroup;
			children = (
				07C6E21A1B29EEE600617521 /* GoogleMaps.bundle */,
				07C6E21B1B29EEE600617521 /* GoogleMaps.framework */,
				075D96F51B29DFC50030F520 /* AVFoundation.framework */,
				075D96F31B29DFBF0030F520 /* CoreData.framework */,
				075D96F11B29DFB10030F520 /* CoreText.framework */,
				075D96EF1B29DFAB0030F520 /* GLKit.framework */,
				075D96ED1B29DFA70030F520 /* ImageIO.framework */,
				075D96EB1B29DFA00030F520 /* libc++.dylib */,
				075D96E91B29DF990030F520 /* libicucore.dylib */,
				075D96E71B29DF920030F520 /* libz.dylib */,
				075D96E51B29DF8D0030F520 /* OpenGLES.framework */,
				075D96E31B29DF880030F520 /* QuartzCore.framework */,
				075D96E11B29DF800030F520 /* SystemConfiguration.framework */,
				D284C48D1B2896DA006CC32E /* CoreLocation.framework */,
				D2BE098B1B1468A600438437 /* MessageUI.framework */,
				924B3D268E70B7BCE7A497E4 /* libPods.a */,
			);
			name = Frameworks;
			sourceTree = "<group>";
		};
		40A7511112563B3C40062E78 /* Pods */ = {
			isa = PBXGroup;
			children = (
				1FFF8DCF29DDD2DFB5D6F6C7 /* Pods.debug.xcconfig */,
				1AC992FFFC5641BCF56850EB /* Pods.release.xcconfig */,
			);
			name = Pods;
			sourceTree = "<group>";
		};
		D21257741B14DB100088991F /* AccountViewController */ = {
			isa = PBXGroup;
			children = (
				D21257641B14DB020088991F /* bar_button_pass@2x.png */,
				D21257651B14DB020088991F /* bar_button_pass@2x~ipad.png */,
				D21257661B14DB020088991F /* bar_button_pass@3x.png */,
				D21257671B14DB020088991F /* bar_button_pass~ipad.png */,
				D21257681B14DB020088991F /* bar_button_select_pass@2x.png */,
				D21257691B14DB020088991F /* bar_button_select_pass@2x~ipad.png */,
				D212576A1B14DB020088991F /* bar_button_select_pass@3x.png */,
				D212576B1B14DB020088991F /* bar_button_select_pass~ipad.png */,
			);
			name = AccountViewController;
			sourceTree = "<group>";
		};
		D27AD7761B283B690024A344 /* RequestViewController */ = {
			isa = PBXGroup;
			children = (
				D27AD7771B283BA20024A344 /* RequestViewController.h */,
				D27AD7781B283BA20024A344 /* RequestViewController.m */,
				D27AD77A1B283BE70024A344 /* TableRequestSource.h */,
				D27AD77B1B283BE70024A344 /* TableRequestSource.m */,
				D27AD77D1B284EFF0024A344 /* TableRequestCell.h */,
				D27AD77E1B284EFF0024A344 /* TableRequestCell.m */,
			);
			name = RequestViewController;
			sourceTree = "<group>";
		};
		D2BE07F01B14590700438437 = {
			isa = PBXGroup;
			children = (
				D2BE07FB1B14590700438437 /* Driver */,
				D2BE08151B14590800438437 /* DriverTests */,
				D2BE07FA1B14590700438437 /* Products */,
				40A7511112563B3C40062E78 /* Pods */,
				27BAA60BDC2E7E96B6388490 /* Frameworks */,
			);
			sourceTree = "<group>";
		};
		D2BE07FA1B14590700438437 /* Products */ = {
			isa = PBXGroup;
			children = (
				D2BE07F91B14590700438437 /* Driver.app */,
				D2BE08121B14590800438437 /* DriverTests.xctest */,
			);
			name = Products;
			sourceTree = "<group>";
		};
		D2BE07FB1B14590700438437 /* Driver */ = {
			isa = PBXGroup;
			children = (
				D2BE08221B14594600438437 /* Source */,
				D2BE08F11B1462BA00438437 /* Images */,
				D2BE08491B1459F300438437 /* SupportingFiles */,
				D2BE08091B14590700438437 /* Images.xcassets */,
				D2BE080B1B14590700438437 /* LaunchScreen.xib */,
			);
			path = Driver;
			sourceTree = "<group>";
		};
		D2BE08151B14590800438437 /* DriverTests */ = {
			isa = PBXGroup;
			children = (
				D2BE08181B14590800438437 /* DriverTests.m */,
				D2BE08161B14590800438437 /* Supporting Files */,
			);
			path = DriverTests;
			sourceTree = "<group>";
		};
		D2BE08161B14590800438437 /* Supporting Files */ = {
			isa = PBXGroup;
			children = (
				D2BE08171B14590800438437 /* Info.plist */,
			);
			name = "Supporting Files";
			sourceTree = "<group>";
		};
		D2BE08221B14594600438437 /* Source */ = {
			isa = PBXGroup;
			children = (
				D2BE08231B14594600438437 /* AppDelegate.h */,
				D2BE08241B14594600438437 /* AppDelegate.m */,
				D2BE09911B14A7F800438437 /* Main.storyboard */,
				D2BE08521B145A6B00438437 /* DatabaseHandler */,
				D2EB1CD31B27FA3100C400C4 /* ViewController */,
				D2BE086D1B145A7100438437 /* TabbarViewController */,
				D2BE08621B145A6B00438437 /* Network */,
			);
			path = Source;
			sourceTree = "<group>";
		};
		D2BE08491B1459F300438437 /* SupportingFiles */ = {
			isa = PBXGroup;
			children = (
				D2BE084A1B1459F300438437 /* HelperView.h */,
				D2BE084B1B1459F300438437 /* HelperView.m */,
				D2BE084C1B1459F300438437 /* Info.plist */,
				D2BE084D1B1459F300438437 /* main.m */,
				D2BE084E1B1459F300438437 /* Driver-Prefix-Header.h */,
			);
			name = SupportingFiles;
			path = Source/SupportingFiles;
			sourceTree = "<group>";
		};
		D2BE08521B145A6B00438437 /* DatabaseHandler */ = {
			isa = PBXGroup;
			children = (
				D2BE08531B145A6B00438437 /* DatabaseHandler.h */,
				D2BE08541B145A6B00438437 /* DatabaseHandler.m */,
				D2BE08551B145A6B00438437 /* DatabaseObjects */,
			);
			path = DatabaseHandler;
			sourceTree = "<group>";
		};
		D2BE08551B145A6B00438437 /* DatabaseObjects */ = {
			isa = PBXGroup;
			children = (
				D2BE08561B145A6B00438437 /* Book.h */,
				D2BE08571B145A6B00438437 /* Book.m */,
				D2BE08581B145A6B00438437 /* Car.h */,
				D2BE08591B145A6B00438437 /* Car.m */,
				D2BE085A1B145A6B00438437 /* Company.h */,
				D2BE085B1B145A6B00438437 /* Company.m */,
				D2BE085C1B145A6B00438437 /* Driver.h */,
				D2BE085D1B145A6B00438437 /* Driver.m */,
				D2BE085E1B145A6B00438437 /* Tour.h */,
				D2BE085F1B145A6B00438437 /* Tour.m */,
				D2BE08601B145A6B00438437 /* User.h */,
				D2BE08611B145A6B00438437 /* User.m */,
			);
			path = DatabaseObjects;
			sourceTree = "<group>";
		};
		D2BE08621B145A6B00438437 /* Network */ = {
			isa = PBXGroup;
			children = (
				D2BE08631B145A6B00438437 /* Network.h */,
				D2BE08641B145A6B00438437 /* Network.m */,
			);
			path = Network;
			sourceTree = "<group>";
		};
		D2BE086D1B145A7100438437 /* TabbarViewController */ = {
			isa = PBXGroup;
			children = (
				D2BE086E1B145AA400438437 /* TabbarViewController.h */,
				D2BE086F1B145AA400438437 /* TabbarViewController.m */,
				D27AD7761B283B690024A344 /* RequestViewController */,
				D2EB1D041B2828A300C400C4 /* FindViewController */,
				D2BE08B51B145C6C00438437 /* CommonObjects */,
				D2BE08B01B145C6C00438437 /* AccountViewController */,
				D2BE09871B14689600438437 /* FeedbackViewController */,
				D2BE08C21B145C6C00438437 /* MenuViewController */,
			);
			name = TabbarViewController;
			sourceTree = "<group>";
		};
		D2BE08B01B145C6C00438437 /* AccountViewController */ = {
			isa = PBXGroup;
			children = (
				D2BE08B11B145C6C00438437 /* AccountViewController.h */,
				D2BE08B21B145C6C00438437 /* AccountViewController.m */,
				D2BE08B31B145C6C00438437 /* TextFieldAccount.h */,
				D2BE08B41B145C6C00438437 /* TextFieldAccount.m */,
			);
			name = AccountViewController;
			path = TabbarViewController/AccountViewController;
			sourceTree = "<group>";
		};
		D2BE08B51B145C6C00438437 /* CommonObjects */ = {
			isa = PBXGroup;
			children = (
				D2BE08B61B145C6C00438437 /* BarButtonBack.h */,
				D2BE08B71B145C6C00438437 /* BarButtonBack.m */,
				D2BE08B81B145C6C00438437 /* BarButtonMenu.h */,
				D2BE08B91B145C6C00438437 /* BarButtonMenu.m */,
				D2BE08BA1B145C6C00438437 /* ButtonApp.h */,
				D2BE08BB1B145C6C00438437 /* ButtonApp.m */,
				D2BE08BC1B145C6C00438437 /* CustomAlertView.h */,
				D2BE08BD1B145C6C00438437 /* CustomAlertView.m */,
				D2BE08BE1B145C6C00438437 /* PickDateViewController.h */,
				D2BE08BF1B145C6C00438437 /* PickDateViewController.m */,
				D2BE08C01B145C6C00438437 /* PickViewController.h */,
				D2BE08C11B145C6C00438437 /* PickViewController.m */,
				D2EB1CE11B2802B200C400C4 /* BarButtonStatus.h */,
				D2EB1CE21B2802B200C400C4 /* BarButtonStatus.m */,
			);
			name = CommonObjects;
			path = TabbarViewController/CommonObjects;
			sourceTree = "<group>";
		};
		D2BE08C21B145C6C00438437 /* MenuViewController */ = {
			isa = PBXGroup;
			children = (
				D2BE08C31B145C6C00438437 /* MenuViewController.h */,
				D2BE08C41B145C6C00438437 /* MenuViewController.m */,
				D2BE08C51B145C6C00438437 /* SubviewContrller */,
				D2BE08D91B145C6C00438437 /* TableDelegateMenu.h */,
				D2BE08DA1B145C6C00438437 /* TableDelegateMenu.m */,
				D2BE08DB1B145C6C00438437 /* TableSectionInfo.h */,
				D2BE08DC1B145C6C00438437 /* TableSectionInfo.m */,
			);
			name = MenuViewController;
			path = TabbarViewController/MenuViewController;
			sourceTree = "<group>";
		};
		D2BE08C51B145C6C00438437 /* SubviewContrller */ = {
			isa = PBXGroup;
			children = (
				D2BE08C61B145C6C00438437 /* AboutUSViewController */,
				D2BE08C91B145C6C00438437 /* AppViewController */,
				D2BE08D61B145C6C00438437 /* SupportViewController */,
			);
			path = SubviewContrller;
			sourceTree = "<group>";
		};
		D2BE08C61B145C6C00438437 /* AboutUSViewController */ = {
			isa = PBXGroup;
			children = (
				D21257751B14E5F40088991F /* AboutUSViewController.h */,
				D2BE08C81B145C6C00438437 /* AboutUSViewController.m */,
			);
			path = AboutUSViewController;
			sourceTree = "<group>";
		};
		D2BE08C91B145C6C00438437 /* AppViewController */ = {
			isa = PBXGroup;
			children = (
				D2BE08CA1B145C6C00438437 /* AppViewController.h */,
				D2BE08CB1B145C6C00438437 /* AppViewController.m */,
			);
			path = AppViewController;
			sourceTree = "<group>";
		};
		D2BE08D61B145C6C00438437 /* SupportViewController */ = {
			isa = PBXGroup;
			children = (
				D2BE08D71B145C6C00438437 /* SupportViewController.h */,
				D2BE08D81B145C6C00438437 /* SupportViewController.m */,
			);
			path = SupportViewController;
			sourceTree = "<group>";
		};
		D2BE08F11B1462BA00438437 /* Images */ = {
			isa = PBXGroup;
			children = (
				D21257741B14DB100088991F /* AccountViewController */,
				D2BE090B1B1462BA00438437 /* CommonObjects */,
				D2BE091C1B1462BA00438437 /* MenuViewController */,
				D2BE09261B1462BA00438437 /* Tabbar */,
			);
			path = Images;
			sourceTree = "<group>";
		};
		D2BE090B1B1462BA00438437 /* CommonObjects */ = {
			isa = PBXGroup;
			children = (
				D2EB1CE41B2824C700C400C4 /* bar_button_status_idle@2x.png */,
				D2EB1CE51B2824C700C400C4 /* bar_button_status_idle@2x~ipad.png */,
				D2EB1CE61B2824C700C400C4 /* bar_button_status_idle@3x.png */,
				D2EB1CE71B2824C700C400C4 /* bar_button_status_idle~ipad.png */,
				D2EB1CE81B2824C700C400C4 /* bar_button_status_working@2x.png */,
				D2EB1CE91B2824C700C400C4 /* bar_button_status_working@2x~ipad.png */,
				D2EB1CEA1B2824C700C400C4 /* bar_button_status_working@3x.png */,
				D2EB1CEB1B2824C700C400C4 /* bar_button_status_working~ipad.png */,
				D2BE090C1B1462BA00438437 /* bar_button_back@2x.png */,
				D2BE090D1B1462BA00438437 /* bar_button_back@2x~ipad.png */,
				D2BE090E1B1462BA00438437 /* bar_button_back@3x.png */,
				D2BE090F1B1462BA00438437 /* bar_button_back~ipad.png */,
				D2BE09101B1462BA00438437 /* bar_button_menu@2x.png */,
				D2BE09111B1462BA00438437 /* bar_button_menu@2x~ipad.png */,
				D2BE09121B1462BA00438437 /* bar_button_menu@3x.png */,
				D2BE09131B1462BA00438437 /* bar_button_menu~ipad.png */,
				D2BE09141B1462BA00438437 /* bar_button_select_back@2x.png */,
				D2BE09151B1462BA00438437 /* bar_button_select_back@2x~ipad.png */,
				D2BE09161B1462BA00438437 /* bar_button_select_back@3x.png */,
				D2BE09171B1462BA00438437 /* bar_button_select_back~ipad.png */,
				D2BE09181B1462BA00438437 /* bar_button_select_menu@2x.png */,
				D2BE09191B1462BA00438437 /* bar_button_select_menu@2x~ipad.png */,
				D2BE091A1B1462BA00438437 /* bar_button_select_menu@3x.png */,
				D2BE091B1B1462BA00438437 /* bar_button_select_menu~ipad.png */,
			);
			path = CommonObjects;
			sourceTree = "<group>";
		};
		D2BE091C1B1462BA00438437 /* MenuViewController */ = {
			isa = PBXGroup;
			children = (
				D2BE091D1B1462BA00438437 /* img_btn_call@2x.png */,
				D2BE091E1B1462BA00438437 /* img_btn_call@2x~ipad.png */,
				D2BE091F1B1462BA00438437 /* img_btn_call@3x.png */,
				D2BE09201B1462BA00438437 /* img_btn_call~ipad.png */,
				D2BE09211B1462BA00438437 /* img_btn_select_call@2x.png */,
				D2BE09221B1462BA00438437 /* img_btn_select_call@2x~ipad.png */,
				D2BE09231B1462BA00438437 /* img_btn_select_call@3x.png */,
				D2BE09241B1462BA00438437 /* img_btn_select_call~ipad.png */,
			);
			path = MenuViewController;
			sourceTree = "<group>";
		};
		D2BE09261B1462BA00438437 /* Tabbar */ = {
			isa = PBXGroup;
			children = (
				D2EB1CF41B28285000C400C4 /* maps_select@2x.png */,
				D2EB1CF51B28285000C400C4 /* maps_select@2x~ipad.png */,
				D2EB1CF61B28285000C400C4 /* maps_select@3x.png */,
				D2EB1CF71B28285000C400C4 /* maps_select~ipad.png */,
				D2EB1CF81B28285000C400C4 /* maps_unselect@2x.png */,
				D2EB1CF91B28285000C400C4 /* maps_unselect@2x~ipad.png */,
				D2EB1CFA1B28285000C400C4 /* maps_unselect@3x.png */,
				D2EB1CFB1B28285000C400C4 /* maps_unselect~ipad.png */,
				D2BE09271B1462BA00438437 /* account_select@2x.png */,
				D2BE09281B1462BA00438437 /* account_select@2x~ipad.png */,
				D2BE09291B1462BA00438437 /* account_select@3x.png */,
				D2BE092A1B1462BA00438437 /* account_select~ipad.png */,
				D2BE092B1B1462BA00438437 /* account_unselect@2x.png */,
				D2BE092C1B1462BA00438437 /* account_unselect@2x~ipad.png */,
				D2BE092D1B1462BA00438437 /* account_unselect@3x.png */,
				D2BE092E1B1462BA00438437 /* account_unselect~ipad.png */,
				D2BE092F1B1462BA00438437 /* book_select@2x.png */,
				D2BE09301B1462BA00438437 /* book_select@2x~ipad.png */,
				D2BE09311B1462BA00438437 /* book_select@3x.png */,
				D2BE09321B1462BA00438437 /* book_select~ipad.png */,
				D2BE09331B1462BA00438437 /* book_unselect@2x.png */,
				D2BE09341B1462BA00438437 /* book_unselect@2x~ipad.png */,
				D2BE09351B1462BA00438437 /* book_unselect@3x.png */,
				D2BE09361B1462BA00438437 /* book_unselect~ipad.png */,
				D2BE09371B1462BA00438437 /* feedback_select@2x.png */,
				D2BE09381B1462BA00438437 /* feedback_select@2x~ipad.png */,
				D2BE09391B1462BA00438437 /* feedback_select@3x.png */,
				D2BE093A1B1462BA00438437 /* feedback_select~ipad.png */,
				D2BE093B1B1462BA00438437 /* feedback_unselect@2x.png */,
				D2BE093C1B1462BA00438437 /* feedback_unselect@2x~ipad.png */,
				D2BE093D1B1462BA00438437 /* feedback_unselect@3x.png */,
				D2BE093E1B1462BA00438437 /* feedback_unselect~ipad.png */,
			);
			path = Tabbar;
			sourceTree = "<group>";
		};
		D2BE09871B14689600438437 /* FeedbackViewController */ = {
			isa = PBXGroup;
			children = (
				D2BE09881B14689600438437 /* FeedbackViewController.h */,
				D2BE09891B14689600438437 /* FeedbackViewController.m */,
			);
			path = FeedbackViewController;
			sourceTree = "<group>";
		};
		D2EB1CD31B27FA3100C400C4 /* ViewController */ = {
			isa = PBXGroup;
			children = (
				D2EB1CDD1B27FA9F00C400C4 /* SplashScreenViewController */,
				D2EB1CD41B27FA3100C400C4 /* LoginViewController */,
			);
			path = ViewController;
			sourceTree = "<group>";
		};
		D2EB1CD41B27FA3100C400C4 /* LoginViewController */ = {
			isa = PBXGroup;
			children = (
				D2EB1CD51B27FA3100C400C4 /* LoginViewController.h */,
				D2EB1CD61B27FA3100C400C4 /* LoginViewController.m */,
			);
			path = LoginViewController;
			sourceTree = "<group>";
		};
		D2EB1CDD1B27FA9F00C400C4 /* SplashScreenViewController */ = {
			isa = PBXGroup;
			children = (
				D2EB1CDE1B27FA9F00C400C4 /* SlashScreenViewController.h */,
				D2EB1CDF1B27FA9F00C400C4 /* SlashScreenViewController.m */,
			);
			path = SplashScreenViewController;
			sourceTree = "<group>";
		};
		D2EB1D041B2828A300C400C4 /* FindViewController */ = {
			isa = PBXGroup;
			children = (
				D21487191B2A09D100CA7085 /* FindViewController.h */,
				D214871A1B2A09D100CA7085 /* FindViewController.m */,
				07C6E20A1B29EA3F00617521 /* Resource */,
				07C6E1F61B29E92400617521 /* Library */,
			);
			name = FindViewController;
			sourceTree = "<group>";
		};
/* End PBXGroup section */

/* Begin PBXNativeTarget section */
		D2BE07F81B14590700438437 /* Driver */ = {
			isa = PBXNativeTarget;
			buildConfigurationList = D2BE081C1B14590800438437 /* Build configuration list for PBXNativeTarget "Driver" */;
			buildPhases = (
				49AC30A44B4140C649026305 /* Check Pods Manifest.lock */,
				D2BE07F51B14590700438437 /* Sources */,
				D2BE07F61B14590700438437 /* Frameworks */,
				D2BE07F71B14590700438437 /* Resources */,
				FC2232CF9A5716B0748DB574 /* Copy Pods Resources */,
			);
			buildRules = (
			);
			dependencies = (
			);
			name = Driver;
			productName = Driver;
			productReference = D2BE07F91B14590700438437 /* Driver.app */;
			productType = "com.apple.product-type.application";
		};
		D2BE08111B14590800438437 /* DriverTests */ = {
			isa = PBXNativeTarget;
			buildConfigurationList = D2BE081F1B14590800438437 /* Build configuration list for PBXNativeTarget "DriverTests" */;
			buildPhases = (
				D2BE080E1B14590800438437 /* Sources */,
				D2BE080F1B14590800438437 /* Frameworks */,
				D2BE08101B14590800438437 /* Resources */,
			);
			buildRules = (
			);
			dependencies = (
				D2BE08141B14590800438437 /* PBXTargetDependency */,
			);
			name = DriverTests;
			productName = DriverTests;
			productReference = D2BE08121B14590800438437 /* DriverTests.xctest */;
			productType = "com.apple.product-type.bundle.unit-test";
		};
/* End PBXNativeTarget section */

/* Begin PBXProject section */
		D2BE07F11B14590700438437 /* Project object */ = {
			isa = PBXProject;
			attributes = {
				LastUpgradeCheck = 0630;
				ORGANIZATIONNAME = "Phan Minh Nhut";
				TargetAttributes = {
					D2BE07F81B14590700438437 = {
						CreatedOnToolsVersion = 6.3.2;
					};
					D2BE08111B14590800438437 = {
						CreatedOnToolsVersion = 6.3.2;
						TestTargetID = D2BE07F81B14590700438437;
					};
				};
			};
			buildConfigurationList = D2BE07F41B14590700438437 /* Build configuration list for PBXProject "Driver" */;
			compatibilityVersion = "Xcode 3.2";
			developmentRegion = English;
			hasScannedForEncodings = 0;
			knownRegions = (
				en,
				Base,
			);
			mainGroup = D2BE07F01B14590700438437;
			productRefGroup = D2BE07FA1B14590700438437 /* Products */;
			projectDirPath = "";
			projectRoot = "";
			targets = (
				D2BE07F81B14590700438437 /* Driver */,
				D2BE08111B14590800438437 /* DriverTests */,
			);
		};
/* End PBXProject section */

/* Begin PBXResourcesBuildPhase section */
		D2BE07F71B14590700438437 /* Resources */ = {
			isa = PBXResourcesBuildPhase;
			buildActionMask = 2147483647;
			files = (
				D2BE09591B1462BA00438437 /* bar_button_back@3x.png in Resources */,
				D2BE096B1B1462BA00438437 /* img_btn_select_call@2x.png in Resources */,
				D2EB1CEC1B2824C700C400C4 /* bar_button_status_idle@2x.png in Resources */,
				D2BE096F1B1462BA00438437 /* account_select@2x.png in Resources */,
				D2EB1CF11B2824C700C400C4 /* bar_button_status_working@2x~ipad.png in Resources */,
				D2BE09731B1462BA00438437 /* account_unselect@2x.png in Resources */,
				D212576F1B14DB020088991F /* bar_button_pass~ipad.png in Resources */,
				D2BE09711B1462BA00438437 /* account_select@3x.png in Resources */,
				D2EB1CFE1B28285000C400C4 /* maps_select@3x.png in Resources */,
				D2BE09861B1462BA00438437 /* feedback_unselect~ipad.png in Resources */,
				D2BE09931B14A7F800438437 /* Main.storyboard in Resources */,
				D2EB1CF21B2824C700C400C4 /* bar_button_status_working@3x.png in Resources */,
				D2BE09721B1462BA00438437 /* account_select~ipad.png in Resources */,
				D212576E1B14DB020088991F /* bar_button_pass@3x.png in Resources */,
				D2BE080D1B14590700438437 /* LaunchScreen.xib in Resources */,
				D2BE09631B1462BA00438437 /* bar_button_select_menu@2x.png in Resources */,
				D2BE080A1B14590700438437 /* Images.xcassets in Resources */,
				D2BE09681B1462BA00438437 /* img_btn_call@2x~ipad.png in Resources */,
				D2BE09791B1462BA00438437 /* book_select@3x.png in Resources */,
				07C6E2151B29EA3F00617521 /* atm_pin.png in Resources */,
				D212576C1B14DB020088991F /* bar_button_pass@2x.png in Resources */,
				D2EB1CFC1B28285000C400C4 /* maps_select@2x.png in Resources */,
				D2BE09781B1462BA00438437 /* book_select@2x~ipad.png in Resources */,
				07C6E2181B29EA3F00617521 /* current_pin@2x.png in Resources */,
				D2BE09651B1462BA00438437 /* bar_button_select_menu@3x.png in Resources */,
				07C6E2141B29EA3F00617521 /* application_icon.png in Resources */,
				07C6E2191B29EA3F00617521 /* pin_list.png in Resources */,
				D21257721B14DB020088991F /* bar_button_select_pass@3x.png in Resources */,
				D2BE09701B1462BA00438437 /* account_select@2x~ipad.png in Resources */,
				D2EB1CFD1B28285000C400C4 /* maps_select@2x~ipad.png in Resources */,
				D2EB1D011B28285000C400C4 /* maps_unselect@2x~ipad.png in Resources */,
				D2BE09741B1462BA00438437 /* account_unselect@2x~ipad.png in Resources */,
				D2BE09761B1462BA00438437 /* account_unselect~ipad.png in Resources */,
				D2BE095F1B1462BA00438437 /* bar_button_select_back@2x.png in Resources */,
				D2BE09811B1462BA00438437 /* feedback_select@3x.png in Resources */,
				D2BE095C1B1462BA00438437 /* bar_button_menu@2x~ipad.png in Resources */,
				D2BE096D1B1462BA00438437 /* img_btn_select_call@3x.png in Resources */,
				D2BE09851B1462BA00438437 /* feedback_unselect@3x.png in Resources */,
				D212576D1B14DB020088991F /* bar_button_pass@2x~ipad.png in Resources */,
				07C6E2161B29EA3F00617521 /* atm_pin@2x.png in Resources */,
				D2BE097B1B1462BA00438437 /* book_unselect@2x.png in Resources */,
				D2EB1CED1B2824C700C400C4 /* bar_button_status_idle@2x~ipad.png in Resources */,
				07C6E21C1B29EEE600617521 /* GoogleMaps.bundle in Resources */,
				D2BE095D1B1462BA00438437 /* bar_button_menu@3x.png in Resources */,
				D2EB1CF01B2824C700C400C4 /* bar_button_status_working@2x.png in Resources */,
				07C6E2171B29EA3F00617521 /* current_pin.png in Resources */,
				D2BE09601B1462BA00438437 /* bar_button_select_back@2x~ipad.png in Resources */,
				D2EB1CEF1B2824C700C400C4 /* bar_button_status_idle~ipad.png in Resources */,
				D2BE09671B1462BA00438437 /* img_btn_call@2x.png in Resources */,
				D2BE09611B1462BA00438437 /* bar_button_select_back@3x.png in Resources */,
				D2BE09581B1462BA00438437 /* bar_button_back@2x~ipad.png in Resources */,
				D2BE097D1B1462BA00438437 /* book_unselect@3x.png in Resources */,
				D2BE09801B1462BA00438437 /* feedback_select@2x~ipad.png in Resources */,
				D2BE097C1B1462BA00438437 /* book_unselect@2x~ipad.png in Resources */,
				D21257711B14DB020088991F /* bar_button_select_pass@2x~ipad.png in Resources */,
				D2BE095B1B1462BA00438437 /* bar_button_menu@2x.png in Resources */,
				D2EB1CEE1B2824C700C400C4 /* bar_button_status_idle@3x.png in Resources */,
				D2BE09661B1462BA00438437 /* bar_button_select_menu~ipad.png in Resources */,
				D2BE095E1B1462BA00438437 /* bar_button_menu~ipad.png in Resources */,
				D2BE09831B1462BA00438437 /* feedback_unselect@2x.png in Resources */,
				D2BE09691B1462BA00438437 /* img_btn_call@3x.png in Resources */,
				D2BE095A1B1462BA00438437 /* bar_button_back~ipad.png in Resources */,
				D2EB1CFF1B28285000C400C4 /* maps_select~ipad.png in Resources */,
				D2BE097A1B1462BA00438437 /* book_select~ipad.png in Resources */,
				D2BE09641B1462BA00438437 /* bar_button_select_menu@2x~ipad.png in Resources */,
				D2BE097F1B1462BA00438437 /* feedback_select@2x.png in Resources */,
				D2BE096A1B1462BA00438437 /* img_btn_call~ipad.png in Resources */,
				D2BE09621B1462BA00438437 /* bar_button_select_back~ipad.png in Resources */,
				D2EB1D001B28285000C400C4 /* maps_unselect@2x.png in Resources */,
				D2BE09771B1462BA00438437 /* book_select@2x.png in Resources */,
				D2EB1CF31B2824C700C400C4 /* bar_button_status_working~ipad.png in Resources */,
				D2BE09821B1462BA00438437 /* feedback_select~ipad.png in Resources */,
				D2BE096C1B1462BA00438437 /* img_btn_select_call@2x~ipad.png in Resources */,
				D2BE09841B1462BA00438437 /* feedback_unselect@2x~ipad.png in Resources */,
				D2BE097E1B1462BA00438437 /* book_unselect~ipad.png in Resources */,
				D2BE096E1B1462BA00438437 /* img_btn_select_call~ipad.png in Resources */,
				D21257731B14DB020088991F /* bar_button_select_pass~ipad.png in Resources */,
				D2BE09751B1462BA00438437 /* account_unselect@3x.png in Resources */,
				D2BE09571B1462BA00438437 /* bar_button_back@2x.png in Resources */,
				D2EB1D031B28285000C400C4 /* maps_unselect~ipad.png in Resources */,
				D21257701B14DB020088991F /* bar_button_select_pass@2x.png in Resources */,
				D2EB1D021B28285000C400C4 /* maps_unselect@3x.png in Resources */,
			);
			runOnlyForDeploymentPostprocessing = 0;
		};
		D2BE08101B14590800438437 /* Resources */ = {
			isa = PBXResourcesBuildPhase;
			buildActionMask = 2147483647;
			files = (
			);
			runOnlyForDeploymentPostprocessing = 0;
		};
/* End PBXResourcesBuildPhase section */

/* Begin PBXShellScriptBuildPhase section */
		49AC30A44B4140C649026305 /* Check Pods Manifest.lock */ = {
			isa = PBXShellScriptBuildPhase;
			buildActionMask = 2147483647;
			files = (
			);
			inputPaths = (
			);
			name = "Check Pods Manifest.lock";
			outputPaths = (
			);
			runOnlyForDeploymentPostprocessing = 0;
			shellPath = /bin/sh;
			shellScript = "diff \"${PODS_ROOT}/../Podfile.lock\" \"${PODS_ROOT}/Manifest.lock\" > /dev/null\nif [[ $? != 0 ]] ; then\n    cat << EOM\nerror: The sandbox is not in sync with the Podfile.lock. Run 'pod install' or update your CocoaPods installation.\nEOM\n    exit 1\nfi\n";
			showEnvVarsInLog = 0;
		};
		FC2232CF9A5716B0748DB574 /* Copy Pods Resources */ = {
			isa = PBXShellScriptBuildPhase;
			buildActionMask = 2147483647;
			files = (
			);
			inputPaths = (
			);
			name = "Copy Pods Resources";
			outputPaths = (
			);
			runOnlyForDeploymentPostprocessing = 0;
			shellPath = /bin/sh;
			shellScript = "\"${SRCROOT}/Pods/Target Support Files/Pods/Pods-resources.sh\"\n";
			showEnvVarsInLog = 0;
		};
/* End PBXShellScriptBuildPhase section */

/* Begin PBXSourcesBuildPhase section */
		D2BE07F51B14590700438437 /* Sources */ = {
			isa = PBXSourcesBuildPhase;
			buildActionMask = 2147483647;
			files = (
				D2EB1CD71B27FA3100C400C4 /* LoginViewController.m in Sources */,
				D2BE08E71B145C6C00438437 /* AppViewController.m in Sources */,
				07C6E2091B29E92400617521 /* SMClassicCalloutView.m in Sources */,
				D2BE08E01B145C6C00438437 /* BarButtonMenu.m in Sources */,
				D2EB1CE01B27FA9F00C400C4 /* SlashScreenViewController.m in Sources */,
				D2BE086B1B145A6B00438437 /* User.m in Sources */,
				D2BE08E11B145C6C00438437 /* ButtonApp.m in Sources */,
				D2BE08671B145A6B00438437 /* Car.m in Sources */,
				07C6E2071B29E92400617521 /* MDDirectionService.m in Sources */,
				07C6E2061B29E92400617521 /* FTLocationManager.m in Sources */,
				D2BE08E51B145C6C00438437 /* MenuViewController.m in Sources */,
				D2BE08661B145A6B00438437 /* Book.m in Sources */,
				D2BE08E61B145C6C00438437 /* AboutUSViewController.m in Sources */,
				07C6E2051B29E92400617521 /* AMTumblrHud.m in Sources */,
				D2BE08DF1B145C6C00438437 /* BarButtonBack.m in Sources */,
				D2BE08EC1B145C6C00438437 /* SupportViewController.m in Sources */,
				D2BE08E21B145C6C00438437 /* CustomAlertView.m in Sources */,
				D27AD77F1B284EFF0024A344 /* TableRequestCell.m in Sources */,
				D2BE08E31B145C6C00438437 /* PickDateViewController.m in Sources */,
				D2BE086C1B145A6B00438437 /* Network.m in Sources */,
				D2BE08EE1B145C6C00438437 /* TableSectionInfo.m in Sources */,
				D2BE084F1B1459F300438437 /* HelperView.m in Sources */,
				D27AD77C1B283BE70024A344 /* TableRequestSource.m in Sources */,
				D2EB1CE31B2802B200C400C4 /* BarButtonStatus.m in Sources */,
				D2BE08511B1459F300438437 /* main.m in Sources */,
				D2BE08251B14594600438437 /* AppDelegate.m in Sources */,
				D2BE08651B145A6B00438437 /* DatabaseHandler.m in Sources */,
				D214871B1B2A09D100CA7085 /* FindViewController.m in Sources */,
				D2BE08ED1B145C6C00438437 /* TableDelegateMenu.m in Sources */,
				D2BE08701B145AA400438437 /* TabbarViewController.m in Sources */,
				07C6E2081B29E92400617521 /* SMCalloutView.m in Sources */,
				D2BE086A1B145A6B00438437 /* Tour.m in Sources */,
				D2BE098A1B14689600438437 /* FeedbackViewController.m in Sources */,
				D2BE08681B145A6B00438437 /* Company.m in Sources */,
				D27AD7791B283BA20024A344 /* RequestViewController.m in Sources */,
				D2BE08691B145A6B00438437 /* Driver.m in Sources */,
				D2BE08E41B145C6C00438437 /* PickViewController.m in Sources */,
				D2BE08DD1B145C6C00438437 /* AccountViewController.m in Sources */,
				D2BE08DE1B145C6C00438437 /* TextFieldAccount.m in Sources */,
			);
			runOnlyForDeploymentPostprocessing = 0;
		};
		D2BE080E1B14590800438437 /* Sources */ = {
			isa = PBXSourcesBuildPhase;
			buildActionMask = 2147483647;
			files = (
				D2BE08191B14590800438437 /* DriverTests.m in Sources */,
			);
			runOnlyForDeploymentPostprocessing = 0;
		};
/* End PBXSourcesBuildPhase section */

/* Begin PBXTargetDependency section */
		D2BE08141B14590800438437 /* PBXTargetDependency */ = {
			isa = PBXTargetDependency;
			target = D2BE07F81B14590700438437 /* Driver */;
			targetProxy = D2BE08131B14590800438437 /* PBXContainerItemProxy */;
		};
/* End PBXTargetDependency section */

/* Begin PBXVariantGroup section */
		D2BE080B1B14590700438437 /* LaunchScreen.xib */ = {
			isa = PBXVariantGroup;
			children = (
				D2BE080C1B14590700438437 /* Base */,
			);
			name = LaunchScreen.xib;
			sourceTree = "<group>";
		};
		D2BE09911B14A7F800438437 /* Main.storyboard */ = {
			isa = PBXVariantGroup;
			children = (
				D2BE09921B14A7F800438437 /* Base */,
			);
			name = Main.storyboard;
			sourceTree = "<group>";
		};
/* End PBXVariantGroup section */

/* Begin XCBuildConfiguration section */
		D2BE081A1B14590800438437 /* Debug */ = {
			isa = XCBuildConfiguration;
			buildSettings = {
				ALWAYS_SEARCH_USER_PATHS = NO;
				CLANG_CXX_LANGUAGE_STANDARD = "gnu++0x";
				CLANG_CXX_LIBRARY = "libc++";
				CLANG_ENABLE_MODULES = YES;
				CLANG_ENABLE_OBJC_ARC = YES;
				CLANG_WARN_BOOL_CONVERSION = YES;
				CLANG_WARN_CONSTANT_CONVERSION = YES;
				CLANG_WARN_DIRECT_OBJC_ISA_USAGE = YES_ERROR;
				CLANG_WARN_EMPTY_BODY = YES;
				CLANG_WARN_ENUM_CONVERSION = YES;
				CLANG_WARN_INT_CONVERSION = YES;
				CLANG_WARN_OBJC_ROOT_CLASS = YES_ERROR;
				CLANG_WARN_UNREACHABLE_CODE = YES;
				CLANG_WARN__DUPLICATE_METHOD_MATCH = YES;
				"CODE_SIGN_IDENTITY[sdk=iphoneos*]" = "iPhone Developer";
				COPY_PHASE_STRIP = NO;
				DEBUG_INFORMATION_FORMAT = "dwarf-with-dsym";
				ENABLE_STRICT_OBJC_MSGSEND = YES;
				GCC_C_LANGUAGE_STANDARD = gnu99;
				GCC_DYNAMIC_NO_PIC = NO;
				GCC_NO_COMMON_BLOCKS = YES;
				GCC_OPTIMIZATION_LEVEL = 0;
				GCC_PREPROCESSOR_DEFINITIONS = (
					"DEBUG=1",
					"$(inherited)",
				);
				GCC_SYMBOLS_PRIVATE_EXTERN = NO;
				GCC_WARN_64_TO_32_BIT_CONVERSION = YES;
				GCC_WARN_ABOUT_RETURN_TYPE = YES_ERROR;
				GCC_WARN_UNDECLARED_SELECTOR = YES;
				GCC_WARN_UNINITIALIZED_AUTOS = YES_AGGRESSIVE;
				GCC_WARN_UNUSED_FUNCTION = YES;
				GCC_WARN_UNUSED_VARIABLE = YES;
				IPHONEOS_DEPLOYMENT_TARGET = 8.3;
				MTL_ENABLE_DEBUG_INFO = YES;
				ONLY_ACTIVE_ARCH = YES;
				SDKROOT = iphoneos;
			};
			name = Debug;
		};
		D2BE081B1B14590800438437 /* Release */ = {
			isa = XCBuildConfiguration;
			buildSettings = {
				ALWAYS_SEARCH_USER_PATHS = NO;
				CLANG_CXX_LANGUAGE_STANDARD = "gnu++0x";
				CLANG_CXX_LIBRARY = "libc++";
				CLANG_ENABLE_MODULES = YES;
				CLANG_ENABLE_OBJC_ARC = YES;
				CLANG_WARN_BOOL_CONVERSION = YES;
				CLANG_WARN_CONSTANT_CONVERSION = YES;
				CLANG_WARN_DIRECT_OBJC_ISA_USAGE = YES_ERROR;
				CLANG_WARN_EMPTY_BODY = YES;
				CLANG_WARN_ENUM_CONVERSION = YES;
				CLANG_WARN_INT_CONVERSION = YES;
				CLANG_WARN_OBJC_ROOT_CLASS = YES_ERROR;
				CLANG_WARN_UNREACHABLE_CODE = YES;
				CLANG_WARN__DUPLICATE_METHOD_MATCH = YES;
				"CODE_SIGN_IDENTITY[sdk=iphoneos*]" = "iPhone Developer";
				COPY_PHASE_STRIP = NO;
				DEBUG_INFORMATION_FORMAT = "dwarf-with-dsym";
				ENABLE_NS_ASSERTIONS = NO;
				ENABLE_STRICT_OBJC_MSGSEND = YES;
				GCC_C_LANGUAGE_STANDARD = gnu99;
				GCC_NO_COMMON_BLOCKS = YES;
				GCC_WARN_64_TO_32_BIT_CONVERSION = YES;
				GCC_WARN_ABOUT_RETURN_TYPE = YES_ERROR;
				GCC_WARN_UNDECLARED_SELECTOR = YES;
				GCC_WARN_UNINITIALIZED_AUTOS = YES_AGGRESSIVE;
				GCC_WARN_UNUSED_FUNCTION = YES;
				GCC_WARN_UNUSED_VARIABLE = YES;
				IPHONEOS_DEPLOYMENT_TARGET = 8.3;
				MTL_ENABLE_DEBUG_INFO = NO;
				SDKROOT = iphoneos;
				VALIDATE_PRODUCT = YES;
			};
			name = Release;
		};
		D2BE081D1B14590800438437 /* Debug */ = {
			isa = XCBuildConfiguration;
			baseConfigurationReference = 1FFF8DCF29DDD2DFB5D6F6C7 /* Pods.debug.xcconfig */;
			buildSettings = {
				ASSETCATALOG_COMPILER_APPICON_NAME = AppIcon;
				ASSETCATALOG_COMPILER_LAUNCHIMAGE_NAME = LaunchImage;
				FRAMEWORK_SEARCH_PATHS = (
					"$(inherited)",
					"$(PROJECT_DIR)/Frameworks",
					"$(PROJECT_DIR)",
				);
				GCC_PREFIX_HEADER = "Driver/Source/SupportingFiles/Driver-Prefix-Header.h";
				INFOPLIST_FILE = Driver/Source/SupportingFiles/Info.plist;
				IPHONEOS_DEPLOYMENT_TARGET = 7.0;
				LD_RUNPATH_SEARCH_PATHS = "$(inherited) @executable_path/Frameworks";
				PRODUCT_NAME = "$(TARGET_NAME)";
				TARGETED_DEVICE_FAMILY = "1,2";
			};
			name = Debug;
		};
		D2BE081E1B14590800438437 /* Release */ = {
			isa = XCBuildConfiguration;
			baseConfigurationReference = 1AC992FFFC5641BCF56850EB /* Pods.release.xcconfig */;
			buildSettings = {
				ASSETCATALOG_COMPILER_APPICON_NAME = AppIcon;
				ASSETCATALOG_COMPILER_LAUNCHIMAGE_NAME = LaunchImage;
				FRAMEWORK_SEARCH_PATHS = (
					"$(inherited)",
					"$(PROJECT_DIR)/Frameworks",
					"$(PROJECT_DIR)",
				);
				GCC_PREFIX_HEADER = "Driver/Source/SupportingFiles/Driver-Prefix-Header.h";
				INFOPLIST_FILE = Driver/Source/SupportingFiles/Info.plist;
				IPHONEOS_DEPLOYMENT_TARGET = 7.0;
				LD_RUNPATH_SEARCH_PATHS = "$(inherited) @executable_path/Frameworks";
				PRODUCT_NAME = "$(TARGET_NAME)";
				TARGETED_DEVICE_FAMILY = "1,2";
			};
			name = Release;
		};
		D2BE08201B14590800438437 /* Debug */ = {
			isa = XCBuildConfiguration;
			buildSettings = {
				BUNDLE_LOADER = "$(TEST_HOST)";
				FRAMEWORK_SEARCH_PATHS = (
					"$(SDKROOT)/Developer/Library/Frameworks",
					"$(inherited)",
				);
				GCC_PREPROCESSOR_DEFINITIONS = (
					"DEBUG=1",
					"$(inherited)",
				);
				INFOPLIST_FILE = DriverTests/Info.plist;
				LD_RUNPATH_SEARCH_PATHS = "$(inherited) @executable_path/Frameworks @loader_path/Frameworks";
				PRODUCT_NAME = "$(TARGET_NAME)";
				TEST_HOST = "$(BUILT_PRODUCTS_DIR)/Driver.app/Driver";
			};
			name = Debug;
		};
		D2BE08211B14590800438437 /* Release */ = {
			isa = XCBuildConfiguration;
			buildSettings = {
				BUNDLE_LOADER = "$(TEST_HOST)";
				FRAMEWORK_SEARCH_PATHS = (
					"$(SDKROOT)/Developer/Library/Frameworks",
					"$(inherited)",
				);
				INFOPLIST_FILE = DriverTests/Info.plist;
				LD_RUNPATH_SEARCH_PATHS = "$(inherited) @executable_path/Frameworks @loader_path/Frameworks";
				PRODUCT_NAME = "$(TARGET_NAME)";
				TEST_HOST = "$(BUILT_PRODUCTS_DIR)/Driver.app/Driver";
			};
			name = Release;
		};
/* End XCBuildConfiguration section */

/* Begin XCConfigurationList section */
		D2BE07F41B14590700438437 /* Build configuration list for PBXProject "Driver" */ = {
			isa = XCConfigurationList;
			buildConfigurations = (
				D2BE081A1B14590800438437 /* Debug */,
				D2BE081B1B14590800438437 /* Release */,
			);
			defaultConfigurationIsVisible = 0;
			defaultConfigurationName = Release;
		};
		D2BE081C1B14590800438437 /* Build configuration list for PBXNativeTarget "Driver" */ = {
			isa = XCConfigurationList;
			buildConfigurations = (
				D2BE081D1B14590800438437 /* Debug */,
				D2BE081E1B14590800438437 /* Release */,
			);
			defaultConfigurationIsVisible = 0;
			defaultConfigurationName = Release;
		};
		D2BE081F1B14590800438437 /* Build configuration list for PBXNativeTarget "DriverTests" */ = {
			isa = XCConfigurationList;
			buildConfigurations = (
				D2BE08201B14590800438437 /* Debug */,
				D2BE08211B14590800438437 /* Release */,
			);
			defaultConfigurationIsVisible = 0;
			defaultConfigurationName = Release;
		};
/* End XCConfigurationList section */
	};
	rootObject = D2BE07F11B14590700438437 /* Project object */;
}
